// !$*UTF8*$!
{
	archiveVersion = 1;
	classes = {
	};
	objectVersion = 52;
	objects = {

/* Begin PBXBuildFile section */
		0899BD71FBBD442D98E33C85 /* MarketDetailContract.swift in Sources */ = {isa = PBXBuildFile; fileRef = 2950ED740A78D0FF5441B4AC /* MarketDetailContract.swift */; };
		12E547A085B258433E0ACBF6 /* BalancesInteractor.swift in Sources */ = {isa = PBXBuildFile; fileRef = 66B935D34C468742ABBD1D6E /* BalancesInteractor.swift */; };
		12FACF1768C5EF23689F338B /* MarketDetailViewController.swift in Sources */ = {isa = PBXBuildFile; fileRef = CFB1E7A7FB8461D6E82AE879 /* MarketDetailViewController.swift */; };
		1BE60EBA0DCFED17F1B9B58A /* MarketSummariesPresenter.swift in Sources */ = {isa = PBXBuildFile; fileRef = C0FCFAC32B656AB4E0C80E84 /* MarketSummariesPresenter.swift */; };
		407413E1F6AFF6091C6C8034 /* OrdersInteractor.swift in Sources */ = {isa = PBXBuildFile; fileRef = DF5CE99CBC546C76AB878B75 /* OrdersInteractor.swift */; };
		489242D4A63A2818579554A9 /* MarketDetailInteractor.swift in Sources */ = {isa = PBXBuildFile; fileRef = 39D205915170AEE065D11CCD /* MarketDetailInteractor.swift */; };
		4CAD84EBD54B125414762085 /* MarketSummariesViewBuilder.swift in Sources */ = {isa = PBXBuildFile; fileRef = F04B6497442DE2DBC4E8106C /* MarketSummariesViewBuilder.swift */; };
		52643ACCFB4232F5C692F75A /* OrdersViewController.swift in Sources */ = {isa = PBXBuildFile; fileRef = 0190D79C724AA7815ADBB89B /* OrdersViewController.swift */; };
		572664871F61861800692521 /* BalanceCell.swift in Sources */ = {isa = PBXBuildFile; fileRef = 572664851F61861800692521 /* BalanceCell.swift */; };
		572664881F61861800692521 /* BalanceCell.xib in Resources */ = {isa = PBXBuildFile; fileRef = 572664861F61861800692521 /* BalanceCell.xib */; };
		5726648B1F61889E00692521 /* BalancesUseCase.swift in Sources */ = {isa = PBXBuildFile; fileRef = 5726648A1F61889E00692521 /* BalancesUseCase.swift */; };
		5726648D1F6188C900692521 /* BittrexRepository.swift in Sources */ = {isa = PBXBuildFile; fileRef = 5726648C1F6188C900692521 /* BittrexRepository.swift */; };
		5726648F1F618AFD00692521 /* BalanceData.swift in Sources */ = {isa = PBXBuildFile; fileRef = 5726648E1F618AFD00692521 /* BalanceData.swift */; };
		5738BE8E1F6944EC00DFDAF3 /* OrderHistoryRequest.swift in Sources */ = {isa = PBXBuildFile; fileRef = 5738BE8D1F6944EC00DFDAF3 /* OrderHistoryRequest.swift */; };
		5738BE901F69458700DFDAF3 /* Order.swift in Sources */ = {isa = PBXBuildFile; fileRef = 5738BE8F1F69458700DFDAF3 /* Order.swift */; };
		5738BE921F69498400DFDAF3 /* OpenOrdersRequest.swift in Sources */ = {isa = PBXBuildFile; fileRef = 5738BE911F69498400DFDAF3 /* OpenOrdersRequest.swift */; };
		5738BE951F6A436000DFDAF3 /* OrdersUseCase.swift in Sources */ = {isa = PBXBuildFile; fileRef = 5738BE941F6A436000DFDAF3 /* OrdersUseCase.swift */; };
		5738BE971F6A437B00DFDAF3 /* OrderData.swift in Sources */ = {isa = PBXBuildFile; fileRef = 5738BE961F6A437B00DFDAF3 /* OrderData.swift */; };
		5738BE9A1F6A4A3C00DFDAF3 /* OrderCell.swift in Sources */ = {isa = PBXBuildFile; fileRef = 5738BE981F6A4A3C00DFDAF3 /* OrderCell.swift */; };
		5738BE9B1F6A4A3C00DFDAF3 /* OrderCell.xib in Resources */ = {isa = PBXBuildFile; fileRef = 5738BE991F6A4A3C00DFDAF3 /* OrderCell.xib */; };
		5738BE9D1F6A674900DFDAF3 /* MarketSummariesSplitViewControllerBuilder.swift in Sources */ = {isa = PBXBuildFile; fileRef = 5738BE9C1F6A674900DFDAF3 /* MarketSummariesSplitViewControllerBuilder.swift */; };
		5738BEA01F6A757000DFDAF3 /* MarketDetailData.swift in Sources */ = {isa = PBXBuildFile; fileRef = 5738BE9F1F6A757000DFDAF3 /* MarketDetailData.swift */; };
		5738BEA21F6A758700DFDAF3 /* MarketDetailUseCase.swift in Sources */ = {isa = PBXBuildFile; fileRef = 5738BEA11F6A758700DFDAF3 /* MarketDetailUseCase.swift */; };
		573A1C831F5D93D7007523EB /* Balance.swift in Sources */ = {isa = PBXBuildFile; fileRef = 573A1C821F5D93D7007523EB /* Balance.swift */; };
		573A1C851F5D97AB007523EB /* DecodableDataParser.swift in Sources */ = {isa = PBXBuildFile; fileRef = 573A1C841F5D97AB007523EB /* DecodableDataParser.swift */; };
		573A1C861F5EED72007523EB /* Session+Debug.swift in Sources */ = {isa = PBXBuildFile; fileRef = 57FE6C1B1F5D835B0014C623 /* Session+Debug.swift */; };
		573A1C871F5EED76007523EB /* Session+Rx.swift in Sources */ = {isa = PBXBuildFile; fileRef = 57FE6C1A1F5D835B0014C623 /* Session+Rx.swift */; };
		5741E1021F667EC400DC8C52 /* NumberFormatter+Extensions.swift in Sources */ = {isa = PBXBuildFile; fileRef = 5741E1011F667EC400DC8C52 /* NumberFormatter+Extensions.swift */; };
		5741E1051F6681C600DC8C52 /* Currency.swift in Sources */ = {isa = PBXBuildFile; fileRef = 5741E1041F6681C600DC8C52 /* Currency.swift */; };
		5741E1071F66848A00DC8C52 /* CurrenciesRequest.swift in Sources */ = {isa = PBXBuildFile; fileRef = 5741E1061F66848A00DC8C52 /* CurrenciesRequest.swift */; };
		57487D031F66791700C8AACE /* Bitcoin.swift in Sources */ = {isa = PBXBuildFile; fileRef = 57487D021F66791700C8AACE /* Bitcoin.swift */; };
		57487D051F66796C00C8AACE /* DateFormatter+Extensions.swift in Sources */ = {isa = PBXBuildFile; fileRef = 57487D041F66796C00C8AACE /* DateFormatter+Extensions.swift */; };
		5790D3D61F55A9CA0032B5A6 /* AppDelegate.swift in Sources */ = {isa = PBXBuildFile; fileRef = 5790D3D51F55A9CA0032B5A6 /* AppDelegate.swift */; };
		5790D3D81F55A9CA0032B5A6 /* StartupViewController.swift in Sources */ = {isa = PBXBuildFile; fileRef = 5790D3D71F55A9CA0032B5A6 /* StartupViewController.swift */; };
		5790D3DB1F55A9CA0032B5A6 /* Main.storyboard in Resources */ = {isa = PBXBuildFile; fileRef = 5790D3D91F55A9CA0032B5A6 /* Main.storyboard */; };
		5790D3DD1F55A9CA0032B5A6 /* Assets.xcassets in Resources */ = {isa = PBXBuildFile; fileRef = 5790D3DC1F55A9CA0032B5A6 /* Assets.xcassets */; };
		5790D3E01F55A9CA0032B5A6 /* LaunchScreen.storyboard in Resources */ = {isa = PBXBuildFile; fileRef = 5790D3DE1F55A9CA0032B5A6 /* LaunchScreen.storyboard */; };
		5796CB9923A4CCDF00AE2C27 /* RxRelay in Frameworks */ = {isa = PBXBuildFile; productRef = 5796CB9823A4CCDF00AE2C27 /* RxRelay */; };
		5796CB9B23A4CCDF00AE2C27 /* RxSwift in Frameworks */ = {isa = PBXBuildFile; productRef = 5796CB9A23A4CCDF00AE2C27 /* RxSwift */; };
		5796CB9D23A4CCDF00AE2C27 /* RxCocoa in Frameworks */ = {isa = PBXBuildFile; productRef = 5796CB9C23A4CCDF00AE2C27 /* RxCocoa */; };
		5796CBA023A4CD1800AE2C27 /* Charts in Frameworks */ = {isa = PBXBuildFile; productRef = 5796CB9F23A4CD1800AE2C27 /* Charts */; };
		5796CBA323A4CD2B00AE2C27 /* APIKit in Frameworks */ = {isa = PBXBuildFile; productRef = 5796CBA223A4CD2B00AE2C27 /* APIKit */; };
		5796CBA623A4CD8900AE2C27 /* FontAwesome in Frameworks */ = {isa = PBXBuildFile; productRef = 5796CBA523A4CD8900AE2C27 /* FontAwesome */; };
		5796CBA923A4CDD900AE2C27 /* Differentiator in Frameworks */ = {isa = PBXBuildFile; productRef = 5796CBA823A4CDD900AE2C27 /* Differentiator */; };
		5796CBAB23A4CDD900AE2C27 /* RxDataSources in Frameworks */ = {isa = PBXBuildFile; productRef = 5796CBAA23A4CDD900AE2C27 /* RxDataSources */; };
		5796CBAE23A4CE2700AE2C27 /* Kingfisher in Frameworks */ = {isa = PBXBuildFile; productRef = 5796CBAD23A4CE2700AE2C27 /* Kingfisher */; };
		5796CBB423A4D93A00AE2C27 /* JGProgressHUD in Frameworks */ = {isa = PBXBuildFile; productRef = 5796CBB323A4D93A00AE2C27 /* JGProgressHUD */; };
		5796CBC423A4E33A00AE2C27 /* Font Awesome 5 Brands-Regular-400.otf in Resources */ = {isa = PBXBuildFile; fileRef = 5796CBC123A4E31A00AE2C27 /* Font Awesome 5 Brands-Regular-400.otf */; };
		5796CBC523A4E33A00AE2C27 /* Font Awesome 5 Free-Regular-400.otf in Resources */ = {isa = PBXBuildFile; fileRef = 5796CBC323A4E31A00AE2C27 /* Font Awesome 5 Free-Regular-400.otf */; };
		5796CBC623A4E33A00AE2C27 /* Font Awesome 5 Free-Solid-900.otf in Resources */ = {isa = PBXBuildFile; fileRef = 5796CBC223A4E31A00AE2C27 /* Font Awesome 5 Free-Solid-900.otf */; };
		5798FC721F619431005555BE /* UITableView+Extensions.swift in Sources */ = {isa = PBXBuildFile; fileRef = 5798FC711F619431005555BE /* UITableView+Extensions.swift */; };
		579B234C765E0006581C61DD /* MarketDetailPresenter.swift in Sources */ = {isa = PBXBuildFile; fileRef = D00622BB501B10B1AFEF27CD /* MarketDetailPresenter.swift */; };
		57B0DD511F666CC300652681 /* CurrentMarketSummariesRequest.swift in Sources */ = {isa = PBXBuildFile; fileRef = 57B0DD501F666CC300652681 /* CurrentMarketSummariesRequest.swift */; };
		57B0DD531F666D4600652681 /* MarketSummary.swift in Sources */ = {isa = PBXBuildFile; fileRef = 57B0DD521F666D4600652681 /* MarketSummary.swift */; };
		57BCE49E1F89DA390007660F /* MarketsRequest.swift in Sources */ = {isa = PBXBuildFile; fileRef = 57BCE49D1F89DA390007660F /* MarketsRequest.swift */; };
		57BCE4A01F89DA750007660F /* Market.swift in Sources */ = {isa = PBXBuildFile; fileRef = 57BCE49F1F89DA750007660F /* Market.swift */; };
		57E4F6151F73D4BB00D0759C /* UICollectionView+Extensions.swift in Sources */ = {isa = PBXBuildFile; fileRef = 57E4F6141F73D4BB00D0759C /* UICollectionView+Extensions.swift */; };
		57E4F6181F76A4CE00D0759C /* BalancesSectionHeaderView.swift in Sources */ = {isa = PBXBuildFile; fileRef = 57E4F6161F76A4CE00D0759C /* BalancesSectionHeaderView.swift */; };
		57E4F6191F76A4CE00D0759C /* BalancesSectionHeaderView.xib in Resources */ = {isa = PBXBuildFile; fileRef = 57E4F6171F76A4CE00D0759C /* BalancesSectionHeaderView.xib */; };
		57E682BC1F6839E400507F3D /* MarketSummaryData.swift in Sources */ = {isa = PBXBuildFile; fileRef = 57E682BB1F6839E400507F3D /* MarketSummaryData.swift */; };
		57E682BE1F683D9800507F3D /* MarketSummariesUseCase.swift in Sources */ = {isa = PBXBuildFile; fileRef = 57E682BD1F683D9800507F3D /* MarketSummariesUseCase.swift */; };
		57E682C31F684CC900507F3D /* MarketSummaryCell.swift in Sources */ = {isa = PBXBuildFile; fileRef = 57E682C11F684CC900507F3D /* MarketSummaryCell.swift */; };
		57E682C41F684CC900507F3D /* MarketSummaryCell.xib in Resources */ = {isa = PBXBuildFile; fileRef = 57E682C21F684CC900507F3D /* MarketSummaryCell.xib */; };
		57EEF3791F6A9F2800D9DC8E /* Chart.swift in Sources */ = {isa = PBXBuildFile; fileRef = 57EEF3781F6A9F2800D9DC8E /* Chart.swift */; };
		57EEF37B1F6AB97200D9DC8E /* CurrentTicksRequest.swift in Sources */ = {isa = PBXBuildFile; fileRef = 57EEF37A1F6AB97200D9DC8E /* CurrentTicksRequest.swift */; };
		57EEF37D1F6ABB6900D9DC8E /* CurrentMarketSummaryRequest.swift in Sources */ = {isa = PBXBuildFile; fileRef = 57EEF37C1F6ABB6900D9DC8E /* CurrentMarketSummaryRequest.swift */; };
		57EEF37F1F6BC19800D9DC8E /* MarketDetailChartCell.swift in Sources */ = {isa = PBXBuildFile; fileRef = 57EEF37E1F6BC19800D9DC8E /* MarketDetailChartCell.swift */; };
		57EEF3811F6BC79C00D9DC8E /* MarketDetailChartCell.xib in Resources */ = {isa = PBXBuildFile; fileRef = 57EEF3801F6BC79C00D9DC8E /* MarketDetailChartCell.xib */; };
		57FE6C131F59F0E30014C623 /* MainTabBarControllerControllerBuilder.swift in Sources */ = {isa = PBXBuildFile; fileRef = 57FE6C121F59F0E30014C623 /* MainTabBarControllerControllerBuilder.swift */; };
		57FE6C161F59F33C0014C623 /* Appearance.swift in Sources */ = {isa = PBXBuildFile; fileRef = 57FE6C151F59F33C0014C623 /* Appearance.swift */; };
		57FE6C1D1F5D838E0014C623 /* BittrexDataStore.swift in Sources */ = {isa = PBXBuildFile; fileRef = 57FE6C1C1F5D838E0014C623 /* BittrexDataStore.swift */; };
		57FE6C1F1F5D84070014C623 /* BittrexAPIRequest.swift in Sources */ = {isa = PBXBuildFile; fileRef = 57FE6C1E1F5D84070014C623 /* BittrexAPIRequest.swift */; };
		57FE6C211F5D84800014C623 /* WebAPI.swift in Sources */ = {isa = PBXBuildFile; fileRef = 57FE6C201F5D84800014C623 /* WebAPI.swift */; };
		57FE6C241F5D8A3A0014C623 /* CurrentBalancesRequest.swift in Sources */ = {isa = PBXBuildFile; fileRef = 57FE6C231F5D8A3A0014C623 /* CurrentBalancesRequest.swift */; };
		57FE6C2A1F5D8D470014C623 /* SecureConfiguration.swift in Sources */ = {isa = PBXBuildFile; fileRef = 57FE6C291F5D8D470014C623 /* SecureConfiguration.swift */; };
		60263F8D5D0C4914F816EAA1 /* MarketSummariesViewController.swift in Sources */ = {isa = PBXBuildFile; fileRef = F935336489F62845652A2653 /* MarketSummariesViewController.swift */; };
		7D3C376CDAFCB0B640BE55D8 /* BalancesContract.swift in Sources */ = {isa = PBXBuildFile; fileRef = 69FDF73D6A4A328522CD6A55 /* BalancesContract.swift */; };
		86056F79CE5FACF490E029E9 /* OrdersWireframe.swift in Sources */ = {isa = PBXBuildFile; fileRef = FE089F4D05724D66FB945C9C /* OrdersWireframe.swift */; };
		887A74F4DD6B222E529AE801 /* OrdersPresenter.swift in Sources */ = {isa = PBXBuildFile; fileRef = F8E1170FABA0FE6562C3CB1B /* OrdersPresenter.swift */; };
		8BE04E211CEDA0C932F8186F /* BalancesViewController.swift in Sources */ = {isa = PBXBuildFile; fileRef = 7D310C9FB763FF84D736D5F4 /* BalancesViewController.swift */; };
		A0FCD90B542A0361AB457DC5 /* BalancesWireframe.swift in Sources */ = {isa = PBXBuildFile; fileRef = 64E9C44623E00EDC898C1BFA /* BalancesWireframe.swift */; };
		A4E723D4BD6226C8E6663D80 /* MarketDetailWireframe.swift in Sources */ = {isa = PBXBuildFile; fileRef = AD5D6748F05D22A629BA19E0 /* MarketDetailWireframe.swift */; };
		B57DD8390D77644AA85D791B /* BalancesPresenter.swift in Sources */ = {isa = PBXBuildFile; fileRef = C0D58BCA670A4533EA59E554 /* BalancesPresenter.swift */; };
		C83B87580B4B1339B92FE6DE /* MarketDetailViewBuilder.swift in Sources */ = {isa = PBXBuildFile; fileRef = BC200F3457D91AB437593D4C /* MarketDetailViewBuilder.swift */; };
		CA94E03291B234641DD279A7 /* OrdersViewBuilder.swift in Sources */ = {isa = PBXBuildFile; fileRef = 8DDA40BE5F1F16014232F794 /* OrdersViewBuilder.swift */; };
		D852504EEE87EC5C0EA7CAB6 /* MarketSummariesInteractor.swift in Sources */ = {isa = PBXBuildFile; fileRef = B24AD83F3C0DBF2FFA4AB638 /* MarketSummariesInteractor.swift */; };
		E5D93B824E7FB393E4A79DE0 /* MarketSummariesWireframe.swift in Sources */ = {isa = PBXBuildFile; fileRef = 475601400B0CCD4041D23588 /* MarketSummariesWireframe.swift */; };
		EB9367DED7EA07245575F2BA /* OrdersContract.swift in Sources */ = {isa = PBXBuildFile; fileRef = 297A0E96863ACC27049C3349 /* OrdersContract.swift */; };
		F3EA0E33A12A7D2851558ECF /* BalancesViewBuilder.swift in Sources */ = {isa = PBXBuildFile; fileRef = E9806E019FC489411046AEA3 /* BalancesViewBuilder.swift */; };
		F7C0EF1743C500FFB63EFE65 /* MarketSummariesContract.swift in Sources */ = {isa = PBXBuildFile; fileRef = 1C7F3DE39DBBB82E6AF7D727 /* MarketSummariesContract.swift */; };
/* End PBXBuildFile section */

/* Begin PBXFileReference section */
		0190D79C724AA7815ADBB89B /* OrdersViewController.swift */ = {isa = PBXFileReference; includeInIndex = 1; lastKnownFileType = sourcecode.swift; path = OrdersViewController.swift; sourceTree = "<group>"; };
		1C7F3DE39DBBB82E6AF7D727 /* MarketSummariesContract.swift */ = {isa = PBXFileReference; includeInIndex = 1; lastKnownFileType = sourcecode.swift; path = MarketSummariesContract.swift; sourceTree = "<group>"; };
		2950ED740A78D0FF5441B4AC /* MarketDetailContract.swift */ = {isa = PBXFileReference; includeInIndex = 1; lastKnownFileType = sourcecode.swift; path = MarketDetailContract.swift; sourceTree = "<group>"; };
		297A0E96863ACC27049C3349 /* OrdersContract.swift */ = {isa = PBXFileReference; includeInIndex = 1; lastKnownFileType = sourcecode.swift; path = OrdersContract.swift; sourceTree = "<group>"; };
		39D205915170AEE065D11CCD /* MarketDetailInteractor.swift */ = {isa = PBXFileReference; includeInIndex = 1; lastKnownFileType = sourcecode.swift; path = MarketDetailInteractor.swift; sourceTree = "<group>"; };
		475601400B0CCD4041D23588 /* MarketSummariesWireframe.swift */ = {isa = PBXFileReference; includeInIndex = 1; lastKnownFileType = sourcecode.swift; path = MarketSummariesWireframe.swift; sourceTree = "<group>"; };
		572664851F61861800692521 /* BalanceCell.swift */ = {isa = PBXFileReference; lastKnownFileType = sourcecode.swift; path = BalanceCell.swift; sourceTree = "<group>"; };
		572664861F61861800692521 /* BalanceCell.xib */ = {isa = PBXFileReference; lastKnownFileType = file.xib; path = BalanceCell.xib; sourceTree = "<group>"; };
		5726648A1F61889E00692521 /* BalancesUseCase.swift */ = {isa = PBXFileReference; lastKnownFileType = sourcecode.swift; path = BalancesUseCase.swift; sourceTree = "<group>"; };
		5726648C1F6188C900692521 /* BittrexRepository.swift */ = {isa = PBXFileReference; lastKnownFileType = sourcecode.swift; path = BittrexRepository.swift; sourceTree = "<group>"; };
		5726648E1F618AFD00692521 /* BalanceData.swift */ = {isa = PBXFileReference; lastKnownFileType = sourcecode.swift; path = BalanceData.swift; sourceTree = "<group>"; };
		5738BE8D1F6944EC00DFDAF3 /* OrderHistoryRequest.swift */ = {isa = PBXFileReference; lastKnownFileType = sourcecode.swift; path = OrderHistoryRequest.swift; sourceTree = "<group>"; };
		5738BE8F1F69458700DFDAF3 /* Order.swift */ = {isa = PBXFileReference; lastKnownFileType = sourcecode.swift; path = Order.swift; sourceTree = "<group>"; };
		5738BE911F69498400DFDAF3 /* OpenOrdersRequest.swift */ = {isa = PBXFileReference; lastKnownFileType = sourcecode.swift; path = OpenOrdersRequest.swift; sourceTree = "<group>"; };
		5738BE941F6A436000DFDAF3 /* OrdersUseCase.swift */ = {isa = PBXFileReference; lastKnownFileType = sourcecode.swift; path = OrdersUseCase.swift; sourceTree = "<group>"; };
		5738BE961F6A437B00DFDAF3 /* OrderData.swift */ = {isa = PBXFileReference; lastKnownFileType = sourcecode.swift; path = OrderData.swift; sourceTree = "<group>"; };
		5738BE981F6A4A3C00DFDAF3 /* OrderCell.swift */ = {isa = PBXFileReference; lastKnownFileType = sourcecode.swift; path = OrderCell.swift; sourceTree = "<group>"; };
		5738BE991F6A4A3C00DFDAF3 /* OrderCell.xib */ = {isa = PBXFileReference; lastKnownFileType = file.xib; path = OrderCell.xib; sourceTree = "<group>"; };
		5738BE9C1F6A674900DFDAF3 /* MarketSummariesSplitViewControllerBuilder.swift */ = {isa = PBXFileReference; lastKnownFileType = sourcecode.swift; path = MarketSummariesSplitViewControllerBuilder.swift; sourceTree = "<group>"; };
		5738BE9F1F6A757000DFDAF3 /* MarketDetailData.swift */ = {isa = PBXFileReference; lastKnownFileType = sourcecode.swift; path = MarketDetailData.swift; sourceTree = "<group>"; };
		5738BEA11F6A758700DFDAF3 /* MarketDetailUseCase.swift */ = {isa = PBXFileReference; lastKnownFileType = sourcecode.swift; path = MarketDetailUseCase.swift; sourceTree = "<group>"; };
		573A1C821F5D93D7007523EB /* Balance.swift */ = {isa = PBXFileReference; lastKnownFileType = sourcecode.swift; path = Balance.swift; sourceTree = "<group>"; };
		573A1C841F5D97AB007523EB /* DecodableDataParser.swift */ = {isa = PBXFileReference; lastKnownFileType = sourcecode.swift; path = DecodableDataParser.swift; sourceTree = "<group>"; };
		5741E1011F667EC400DC8C52 /* NumberFormatter+Extensions.swift */ = {isa = PBXFileReference; lastKnownFileType = sourcecode.swift; path = "NumberFormatter+Extensions.swift"; sourceTree = "<group>"; };
		5741E1041F6681C600DC8C52 /* Currency.swift */ = {isa = PBXFileReference; lastKnownFileType = sourcecode.swift; path = Currency.swift; sourceTree = "<group>"; };
		5741E1061F66848A00DC8C52 /* CurrenciesRequest.swift */ = {isa = PBXFileReference; lastKnownFileType = sourcecode.swift; path = CurrenciesRequest.swift; sourceTree = "<group>"; };
		57487D021F66791700C8AACE /* Bitcoin.swift */ = {isa = PBXFileReference; lastKnownFileType = sourcecode.swift; path = Bitcoin.swift; sourceTree = "<group>"; };
		57487D041F66796C00C8AACE /* DateFormatter+Extensions.swift */ = {isa = PBXFileReference; lastKnownFileType = sourcecode.swift; path = "DateFormatter+Extensions.swift"; sourceTree = "<group>"; };
		5790D3D21F55A9CA0032B5A6 /* Sapphire.app */ = {isa = PBXFileReference; explicitFileType = wrapper.application; includeInIndex = 0; path = Sapphire.app; sourceTree = BUILT_PRODUCTS_DIR; };
		5790D3D51F55A9CA0032B5A6 /* AppDelegate.swift */ = {isa = PBXFileReference; lastKnownFileType = sourcecode.swift; path = AppDelegate.swift; sourceTree = "<group>"; };
		5790D3D71F55A9CA0032B5A6 /* StartupViewController.swift */ = {isa = PBXFileReference; lastKnownFileType = sourcecode.swift; path = StartupViewController.swift; sourceTree = "<group>"; };
		5790D3DA1F55A9CA0032B5A6 /* Base */ = {isa = PBXFileReference; lastKnownFileType = file.storyboard; name = Base; path = Base.lproj/Main.storyboard; sourceTree = "<group>"; };
		5790D3DC1F55A9CA0032B5A6 /* Assets.xcassets */ = {isa = PBXFileReference; lastKnownFileType = folder.assetcatalog; path = Assets.xcassets; sourceTree = "<group>"; };
		5790D3DF1F55A9CA0032B5A6 /* Base */ = {isa = PBXFileReference; lastKnownFileType = file.storyboard; name = Base; path = Base.lproj/LaunchScreen.storyboard; sourceTree = "<group>"; };
		5790D3E11F55A9CA0032B5A6 /* Info.plist */ = {isa = PBXFileReference; lastKnownFileType = text.plist.xml; path = Info.plist; sourceTree = "<group>"; };
		5796CBC123A4E31A00AE2C27 /* Font Awesome 5 Brands-Regular-400.otf */ = {isa = PBXFileReference; lastKnownFileType = file; name = "Font Awesome 5 Brands-Regular-400.otf"; path = "FontAwesome/otfs/Font Awesome 5 Brands-Regular-400.otf"; sourceTree = SOURCE_ROOT; };
		5796CBC223A4E31A00AE2C27 /* Font Awesome 5 Free-Solid-900.otf */ = {isa = PBXFileReference; lastKnownFileType = file; name = "Font Awesome 5 Free-Solid-900.otf"; path = "FontAwesome/otfs/Font Awesome 5 Free-Solid-900.otf"; sourceTree = SOURCE_ROOT; };
		5796CBC323A4E31A00AE2C27 /* Font Awesome 5 Free-Regular-400.otf */ = {isa = PBXFileReference; lastKnownFileType = file; name = "Font Awesome 5 Free-Regular-400.otf"; path = "FontAwesome/otfs/Font Awesome 5 Free-Regular-400.otf"; sourceTree = SOURCE_ROOT; };
		5798FC711F619431005555BE /* UITableView+Extensions.swift */ = {isa = PBXFileReference; lastKnownFileType = sourcecode.swift; path = "UITableView+Extensions.swift"; sourceTree = "<group>"; };
		57B0DD501F666CC300652681 /* CurrentMarketSummariesRequest.swift */ = {isa = PBXFileReference; lastKnownFileType = sourcecode.swift; path = CurrentMarketSummariesRequest.swift; sourceTree = "<group>"; };
		57B0DD521F666D4600652681 /* MarketSummary.swift */ = {isa = PBXFileReference; lastKnownFileType = sourcecode.swift; path = MarketSummary.swift; sourceTree = "<group>"; };
		57BCE49D1F89DA390007660F /* MarketsRequest.swift */ = {isa = PBXFileReference; lastKnownFileType = sourcecode.swift; path = MarketsRequest.swift; sourceTree = "<group>"; };
		57BCE49F1F89DA750007660F /* Market.swift */ = {isa = PBXFileReference; lastKnownFileType = sourcecode.swift; path = Market.swift; sourceTree = "<group>"; };
		57E4F6141F73D4BB00D0759C /* UICollectionView+Extensions.swift */ = {isa = PBXFileReference; lastKnownFileType = sourcecode.swift; path = "UICollectionView+Extensions.swift"; sourceTree = "<group>"; };
		57E4F6161F76A4CE00D0759C /* BalancesSectionHeaderView.swift */ = {isa = PBXFileReference; lastKnownFileType = sourcecode.swift; path = BalancesSectionHeaderView.swift; sourceTree = "<group>"; };
		57E4F6171F76A4CE00D0759C /* BalancesSectionHeaderView.xib */ = {isa = PBXFileReference; lastKnownFileType = file.xib; path = BalancesSectionHeaderView.xib; sourceTree = "<group>"; };
		57E682BB1F6839E400507F3D /* MarketSummaryData.swift */ = {isa = PBXFileReference; lastKnownFileType = sourcecode.swift; path = MarketSummaryData.swift; sourceTree = "<group>"; };
		57E682BD1F683D9800507F3D /* MarketSummariesUseCase.swift */ = {isa = PBXFileReference; lastKnownFileType = sourcecode.swift; path = MarketSummariesUseCase.swift; sourceTree = "<group>"; };
		57E682C11F684CC900507F3D /* MarketSummaryCell.swift */ = {isa = PBXFileReference; lastKnownFileType = sourcecode.swift; path = MarketSummaryCell.swift; sourceTree = "<group>"; };
		57E682C21F684CC900507F3D /* MarketSummaryCell.xib */ = {isa = PBXFileReference; lastKnownFileType = file.xib; path = MarketSummaryCell.xib; sourceTree = "<group>"; };
		57EEF3781F6A9F2800D9DC8E /* Chart.swift */ = {isa = PBXFileReference; lastKnownFileType = sourcecode.swift; path = Chart.swift; sourceTree = "<group>"; };
		57EEF37A1F6AB97200D9DC8E /* CurrentTicksRequest.swift */ = {isa = PBXFileReference; lastKnownFileType = sourcecode.swift; path = CurrentTicksRequest.swift; sourceTree = "<group>"; };
		57EEF37C1F6ABB6900D9DC8E /* CurrentMarketSummaryRequest.swift */ = {isa = PBXFileReference; lastKnownFileType = sourcecode.swift; path = CurrentMarketSummaryRequest.swift; sourceTree = "<group>"; };
		57EEF37E1F6BC19800D9DC8E /* MarketDetailChartCell.swift */ = {isa = PBXFileReference; lastKnownFileType = sourcecode.swift; path = MarketDetailChartCell.swift; sourceTree = "<group>"; };
		57EEF3801F6BC79C00D9DC8E /* MarketDetailChartCell.xib */ = {isa = PBXFileReference; lastKnownFileType = file.xib; path = MarketDetailChartCell.xib; sourceTree = "<group>"; };
		57FE6C121F59F0E30014C623 /* MainTabBarControllerControllerBuilder.swift */ = {isa = PBXFileReference; lastKnownFileType = sourcecode.swift; path = MainTabBarControllerControllerBuilder.swift; sourceTree = "<group>"; };
		57FE6C151F59F33C0014C623 /* Appearance.swift */ = {isa = PBXFileReference; lastKnownFileType = sourcecode.swift; path = Appearance.swift; sourceTree = "<group>"; };
		57FE6C1A1F5D835B0014C623 /* Session+Rx.swift */ = {isa = PBXFileReference; lastKnownFileType = sourcecode.swift; path = "Session+Rx.swift"; sourceTree = "<group>"; };
		57FE6C1B1F5D835B0014C623 /* Session+Debug.swift */ = {isa = PBXFileReference; lastKnownFileType = sourcecode.swift; path = "Session+Debug.swift"; sourceTree = "<group>"; };
		57FE6C1C1F5D838E0014C623 /* BittrexDataStore.swift */ = {isa = PBXFileReference; lastKnownFileType = sourcecode.swift; path = BittrexDataStore.swift; sourceTree = "<group>"; };
		57FE6C1E1F5D84070014C623 /* BittrexAPIRequest.swift */ = {isa = PBXFileReference; lastKnownFileType = sourcecode.swift; path = BittrexAPIRequest.swift; sourceTree = "<group>"; };
		57FE6C201F5D84800014C623 /* WebAPI.swift */ = {isa = PBXFileReference; lastKnownFileType = sourcecode.swift; path = WebAPI.swift; sourceTree = "<group>"; };
		57FE6C231F5D8A3A0014C623 /* CurrentBalancesRequest.swift */ = {isa = PBXFileReference; lastKnownFileType = sourcecode.swift; path = CurrentBalancesRequest.swift; sourceTree = "<group>"; };
		57FE6C251F5D8C570014C623 /* Sapphire-Bridging-Header.h */ = {isa = PBXFileReference; lastKnownFileType = sourcecode.c.h; path = "Sapphire-Bridging-Header.h"; sourceTree = "<group>"; };
		57FE6C291F5D8D470014C623 /* SecureConfiguration.swift */ = {isa = PBXFileReference; lastKnownFileType = sourcecode.swift; path = SecureConfiguration.swift; sourceTree = "<group>"; };
		64E9C44623E00EDC898C1BFA /* BalancesWireframe.swift */ = {isa = PBXFileReference; includeInIndex = 1; lastKnownFileType = sourcecode.swift; path = BalancesWireframe.swift; sourceTree = "<group>"; };
		66B935D34C468742ABBD1D6E /* BalancesInteractor.swift */ = {isa = PBXFileReference; includeInIndex = 1; lastKnownFileType = sourcecode.swift; path = BalancesInteractor.swift; sourceTree = "<group>"; };
		69FDF73D6A4A328522CD6A55 /* BalancesContract.swift */ = {isa = PBXFileReference; includeInIndex = 1; lastKnownFileType = sourcecode.swift; path = BalancesContract.swift; sourceTree = "<group>"; };
		7D310C9FB763FF84D736D5F4 /* BalancesViewController.swift */ = {isa = PBXFileReference; includeInIndex = 1; lastKnownFileType = sourcecode.swift; path = BalancesViewController.swift; sourceTree = "<group>"; };
		8DDA40BE5F1F16014232F794 /* OrdersViewBuilder.swift */ = {isa = PBXFileReference; includeInIndex = 1; lastKnownFileType = sourcecode.swift; path = OrdersViewBuilder.swift; sourceTree = "<group>"; };
		AD5D6748F05D22A629BA19E0 /* MarketDetailWireframe.swift */ = {isa = PBXFileReference; includeInIndex = 1; lastKnownFileType = sourcecode.swift; path = MarketDetailWireframe.swift; sourceTree = "<group>"; };
		B24AD83F3C0DBF2FFA4AB638 /* MarketSummariesInteractor.swift */ = {isa = PBXFileReference; includeInIndex = 1; lastKnownFileType = sourcecode.swift; path = MarketSummariesInteractor.swift; sourceTree = "<group>"; };
		BC200F3457D91AB437593D4C /* MarketDetailViewBuilder.swift */ = {isa = PBXFileReference; includeInIndex = 1; lastKnownFileType = sourcecode.swift; path = MarketDetailViewBuilder.swift; sourceTree = "<group>"; };
		C0D58BCA670A4533EA59E554 /* BalancesPresenter.swift */ = {isa = PBXFileReference; includeInIndex = 1; lastKnownFileType = sourcecode.swift; path = BalancesPresenter.swift; sourceTree = "<group>"; };
		C0FCFAC32B656AB4E0C80E84 /* MarketSummariesPresenter.swift */ = {isa = PBXFileReference; includeInIndex = 1; lastKnownFileType = sourcecode.swift; path = MarketSummariesPresenter.swift; sourceTree = "<group>"; };
		CFB1E7A7FB8461D6E82AE879 /* MarketDetailViewController.swift */ = {isa = PBXFileReference; includeInIndex = 1; lastKnownFileType = sourcecode.swift; path = MarketDetailViewController.swift; sourceTree = "<group>"; };
		D00622BB501B10B1AFEF27CD /* MarketDetailPresenter.swift */ = {isa = PBXFileReference; includeInIndex = 1; lastKnownFileType = sourcecode.swift; path = MarketDetailPresenter.swift; sourceTree = "<group>"; };
		DF5CE99CBC546C76AB878B75 /* OrdersInteractor.swift */ = {isa = PBXFileReference; includeInIndex = 1; lastKnownFileType = sourcecode.swift; path = OrdersInteractor.swift; sourceTree = "<group>"; };
		E9806E019FC489411046AEA3 /* BalancesViewBuilder.swift */ = {isa = PBXFileReference; includeInIndex = 1; lastKnownFileType = sourcecode.swift; path = BalancesViewBuilder.swift; sourceTree = "<group>"; };
		F04B6497442DE2DBC4E8106C /* MarketSummariesViewBuilder.swift */ = {isa = PBXFileReference; includeInIndex = 1; lastKnownFileType = sourcecode.swift; path = MarketSummariesViewBuilder.swift; sourceTree = "<group>"; };
		F8E1170FABA0FE6562C3CB1B /* OrdersPresenter.swift */ = {isa = PBXFileReference; includeInIndex = 1; lastKnownFileType = sourcecode.swift; path = OrdersPresenter.swift; sourceTree = "<group>"; };
		F935336489F62845652A2653 /* MarketSummariesViewController.swift */ = {isa = PBXFileReference; includeInIndex = 1; lastKnownFileType = sourcecode.swift; path = MarketSummariesViewController.swift; sourceTree = "<group>"; };
		FE089F4D05724D66FB945C9C /* OrdersWireframe.swift */ = {isa = PBXFileReference; includeInIndex = 1; lastKnownFileType = sourcecode.swift; path = OrdersWireframe.swift; sourceTree = "<group>"; };
/* End PBXFileReference section */

/* Begin PBXFrameworksBuildPhase section */
		5790D3CF1F55A9C90032B5A6 /* Frameworks */ = {
			isa = PBXFrameworksBuildPhase;
			buildActionMask = 2147483647;
			files = (
				5796CBA923A4CDD900AE2C27 /* Differentiator in Frameworks */,
				5796CBA323A4CD2B00AE2C27 /* APIKit in Frameworks */,
				5796CB9D23A4CCDF00AE2C27 /* RxCocoa in Frameworks */,
				5796CBAE23A4CE2700AE2C27 /* Kingfisher in Frameworks */,
				5796CBB423A4D93A00AE2C27 /* JGProgressHUD in Frameworks */,
				5796CB9B23A4CCDF00AE2C27 /* RxSwift in Frameworks */,
				5796CB9923A4CCDF00AE2C27 /* RxRelay in Frameworks */,
				5796CBAB23A4CDD900AE2C27 /* RxDataSources in Frameworks */,
				5796CBA023A4CD1800AE2C27 /* Charts in Frameworks */,
				5796CBA623A4CD8900AE2C27 /* FontAwesome in Frameworks */,
			);
			runOnlyForDeploymentPostprocessing = 0;
		};
/* End PBXFrameworksBuildPhase section */

/* Begin PBXGroup section */
		0A856123B4529D00866F7EE3 /* Balances */ = {
			isa = PBXGroup;
			children = (
				69FDF73D6A4A328522CD6A55 /* BalancesContract.swift */,
				66B935D34C468742ABBD1D6E /* BalancesInteractor.swift */,
				C0D58BCA670A4533EA59E554 /* BalancesPresenter.swift */,
				E9806E019FC489411046AEA3 /* BalancesViewBuilder.swift */,
				7D310C9FB763FF84D736D5F4 /* BalancesViewController.swift */,
				64E9C44623E00EDC898C1BFA /* BalancesWireframe.swift */,
				572664851F61861800692521 /* BalanceCell.swift */,
				572664861F61861800692521 /* BalanceCell.xib */,
				57E4F6161F76A4CE00D0759C /* BalancesSectionHeaderView.swift */,
				57E4F6171F76A4CE00D0759C /* BalancesSectionHeaderView.xib */,
			);
			path = Balances;
			sourceTree = "<group>";
		};
		271E17855CF1D1E8651FCD23 /* MarketDetail */ = {
			isa = PBXGroup;
			children = (
				2950ED740A78D0FF5441B4AC /* MarketDetailContract.swift */,
				39D205915170AEE065D11CCD /* MarketDetailInteractor.swift */,
				D00622BB501B10B1AFEF27CD /* MarketDetailPresenter.swift */,
				BC200F3457D91AB437593D4C /* MarketDetailViewBuilder.swift */,
				CFB1E7A7FB8461D6E82AE879 /* MarketDetailViewController.swift */,
				AD5D6748F05D22A629BA19E0 /* MarketDetailWireframe.swift */,
				57EEF37E1F6BC19800D9DC8E /* MarketDetailChartCell.swift */,
				57EEF3801F6BC79C00D9DC8E /* MarketDetailChartCell.xib */,
			);
			path = MarketDetail;
			sourceTree = "<group>";
		};
		33616618E5B9F291709BCD5D /* Application */ = {
			isa = PBXGroup;
			children = (
				5790D3D71F55A9CA0032B5A6 /* StartupViewController.swift */,
				57FE6C121F59F0E30014C623 /* MainTabBarControllerControllerBuilder.swift */,
				5738BE9C1F6A674900DFDAF3 /* MarketSummariesSplitViewControllerBuilder.swift */,
				0A856123B4529D00866F7EE3 /* Balances */,
				91BB629DB63B7B92B4B38396 /* MarketSummaries */,
				7E28E9410E8EFF739279B43C /* Orders */,
				271E17855CF1D1E8651FCD23 /* MarketDetail */,
			);
			path = Application;
			sourceTree = "<group>";
		};
		572664891F61885600692521 /* Balances */ = {
			isa = PBXGroup;
			children = (
				5726648A1F61889E00692521 /* BalancesUseCase.swift */,
				5726648E1F618AFD00692521 /* BalanceData.swift */,
			);
			path = Balances;
			sourceTree = "<group>";
		};
		5738BE931F6A434000DFDAF3 /* Orders */ = {
			isa = PBXGroup;
			children = (
				5738BE941F6A436000DFDAF3 /* OrdersUseCase.swift */,
				5738BE961F6A437B00DFDAF3 /* OrderData.swift */,
			);
			path = Orders;
			sourceTree = "<group>";
		};
		5738BE9E1F6A754600DFDAF3 /* MarketDetail */ = {
			isa = PBXGroup;
			children = (
				5738BEA11F6A758700DFDAF3 /* MarketDetailUseCase.swift */,
				5738BE9F1F6A757000DFDAF3 /* MarketDetailData.swift */,
			);
			path = MarketDetail;
			sourceTree = "<group>";
		};
		573A1C811F5D93C4007523EB /* Entity */ = {
			isa = PBXGroup;
			children = (
				573A1C821F5D93D7007523EB /* Balance.swift */,
				57B0DD521F666D4600652681 /* MarketSummary.swift */,
				5741E1041F6681C600DC8C52 /* Currency.swift */,
				5738BE8F1F69458700DFDAF3 /* Order.swift */,
				57EEF3781F6A9F2800D9DC8E /* Chart.swift */,
				57BCE49F1F89DA750007660F /* Market.swift */,
			);
			path = Entity;
			sourceTree = "<group>";
		};
		5741E1031F667EF900DC8C52 /* Extensions */ = {
			isa = PBXGroup;
			children = (
				5798FC711F619431005555BE /* UITableView+Extensions.swift */,
				57E4F6141F73D4BB00D0759C /* UICollectionView+Extensions.swift */,
				57487D041F66796C00C8AACE /* DateFormatter+Extensions.swift */,
				5741E1011F667EC400DC8C52 /* NumberFormatter+Extensions.swift */,
			);
			path = Extensions;
			sourceTree = "<group>";
		};
		5790D3C91F55A9C90032B5A6 = {
			isa = PBXGroup;
			children = (
				5790D3D41F55A9CA0032B5A6 /* Sapphire */,
				5790D3D31F55A9CA0032B5A6 /* Products */,
			);
			sourceTree = "<group>";
		};
		5790D3D31F55A9CA0032B5A6 /* Products */ = {
			isa = PBXGroup;
			children = (
				5790D3D21F55A9CA0032B5A6 /* Sapphire.app */,
			);
			name = Products;
			sourceTree = "<group>";
		};
		5790D3D41F55A9CA0032B5A6 /* Sapphire */ = {
			isa = PBXGroup;
			children = (
				5796CBBA23A4E18700AE2C27 /* FontAwesome */,
				5790D3D51F55A9CA0032B5A6 /* AppDelegate.swift */,
				57FE6C151F59F33C0014C623 /* Appearance.swift */,
				33616618E5B9F291709BCD5D /* Application */,
				57FE6C181F5D80B50014C623 /* Domain */,
				57FE6C171F5D80A70014C623 /* Data */,
				5741E1031F667EF900DC8C52 /* Extensions */,
				5790D3D91F55A9CA0032B5A6 /* Main.storyboard */,
				5790D3DE1F55A9CA0032B5A6 /* LaunchScreen.storyboard */,
				5790D3DC1F55A9CA0032B5A6 /* Assets.xcassets */,
				5790D3E11F55A9CA0032B5A6 /* Info.plist */,
				57FE6C251F5D8C570014C623 /* Sapphire-Bridging-Header.h */,
			);
			path = Sapphire;
			sourceTree = "<group>";
		};
		5796CBBA23A4E18700AE2C27 /* FontAwesome */ = {
			isa = PBXGroup;
			children = (
				5796CBC123A4E31A00AE2C27 /* Font Awesome 5 Brands-Regular-400.otf */,
				5796CBC323A4E31A00AE2C27 /* Font Awesome 5 Free-Regular-400.otf */,
				5796CBC223A4E31A00AE2C27 /* Font Awesome 5 Free-Solid-900.otf */,
			);
			name = FontAwesome;
			sourceTree = "<group>";
		};
		57E682BA1F6839CF00507F3D /* MarketSummaries */ = {
			isa = PBXGroup;
			children = (
				57E682BD1F683D9800507F3D /* MarketSummariesUseCase.swift */,
				57E682BB1F6839E400507F3D /* MarketSummaryData.swift */,
			);
			path = MarketSummaries;
			sourceTree = "<group>";
		};
		57FE6C171F5D80A70014C623 /* Data */ = {
			isa = PBXGroup;
			children = (
				573A1C811F5D93C4007523EB /* Entity */,
				57FE6C191F5D83100014C623 /* WebAPI */,
				57FE6C1C1F5D838E0014C623 /* BittrexDataStore.swift */,
			);
			path = Data;
			sourceTree = "<group>";
		};
		57FE6C181F5D80B50014C623 /* Domain */ = {
			isa = PBXGroup;
			children = (
				5738BE9E1F6A754600DFDAF3 /* MarketDetail */,
				5738BE931F6A434000DFDAF3 /* Orders */,
				57E682BA1F6839CF00507F3D /* MarketSummaries */,
				572664891F61885600692521 /* Balances */,
				5726648C1F6188C900692521 /* BittrexRepository.swift */,
				57487D021F66791700C8AACE /* Bitcoin.swift */,
			);
			path = Domain;
			sourceTree = "<group>";
		};
		57FE6C191F5D83100014C623 /* WebAPI */ = {
			isa = PBXGroup;
			children = (
				57FE6C1B1F5D835B0014C623 /* Session+Debug.swift */,
				57FE6C1A1F5D835B0014C623 /* Session+Rx.swift */,
				57FE6C201F5D84800014C623 /* WebAPI.swift */,
				57FE6C291F5D8D470014C623 /* SecureConfiguration.swift */,
				57FE6C221F5D854B0014C623 /* Bittrex */,
				573A1C841F5D97AB007523EB /* DecodableDataParser.swift */,
			);
			path = WebAPI;
			sourceTree = "<group>";
		};
		57FE6C221F5D854B0014C623 /* Bittrex */ = {
			isa = PBXGroup;
			children = (
				57FE6C1E1F5D84070014C623 /* BittrexAPIRequest.swift */,
				57FE6C231F5D8A3A0014C623 /* CurrentBalancesRequest.swift */,
				57B0DD501F666CC300652681 /* CurrentMarketSummariesRequest.swift */,
				57EEF37C1F6ABB6900D9DC8E /* CurrentMarketSummaryRequest.swift */,
				5741E1061F66848A00DC8C52 /* CurrenciesRequest.swift */,
				5738BE8D1F6944EC00DFDAF3 /* OrderHistoryRequest.swift */,
				5738BE911F69498400DFDAF3 /* OpenOrdersRequest.swift */,
				57EEF37A1F6AB97200D9DC8E /* CurrentTicksRequest.swift */,
				57BCE49D1F89DA390007660F /* MarketsRequest.swift */,
			);
			path = Bittrex;
			sourceTree = "<group>";
		};
		7E28E9410E8EFF739279B43C /* Orders */ = {
			isa = PBXGroup;
			children = (
				297A0E96863ACC27049C3349 /* OrdersContract.swift */,
				DF5CE99CBC546C76AB878B75 /* OrdersInteractor.swift */,
				F8E1170FABA0FE6562C3CB1B /* OrdersPresenter.swift */,
				8DDA40BE5F1F16014232F794 /* OrdersViewBuilder.swift */,
				0190D79C724AA7815ADBB89B /* OrdersViewController.swift */,
				FE089F4D05724D66FB945C9C /* OrdersWireframe.swift */,
				5738BE981F6A4A3C00DFDAF3 /* OrderCell.swift */,
				5738BE991F6A4A3C00DFDAF3 /* OrderCell.xib */,
			);
			path = Orders;
			sourceTree = "<group>";
		};
		91BB629DB63B7B92B4B38396 /* MarketSummaries */ = {
			isa = PBXGroup;
			children = (
				1C7F3DE39DBBB82E6AF7D727 /* MarketSummariesContract.swift */,
				B24AD83F3C0DBF2FFA4AB638 /* MarketSummariesInteractor.swift */,
				C0FCFAC32B656AB4E0C80E84 /* MarketSummariesPresenter.swift */,
				F04B6497442DE2DBC4E8106C /* MarketSummariesViewBuilder.swift */,
				F935336489F62845652A2653 /* MarketSummariesViewController.swift */,
				475601400B0CCD4041D23588 /* MarketSummariesWireframe.swift */,
				57E682C11F684CC900507F3D /* MarketSummaryCell.swift */,
				57E682C21F684CC900507F3D /* MarketSummaryCell.xib */,
			);
			path = MarketSummaries;
			sourceTree = "<group>";
		};
/* End PBXGroup section */

/* Begin PBXNativeTarget section */
		5790D3D11F55A9C90032B5A6 /* Sapphire */ = {
			isa = PBXNativeTarget;
			buildConfigurationList = 5790D3E41F55A9CA0032B5A6 /* Build configuration list for PBXNativeTarget "Sapphire" */;
			buildPhases = (
				57FE6C141F59F2490014C623 /* SwiftLint */,
				5790D3CE1F55A9C90032B5A6 /* Sources */,
				5790D3CF1F55A9C90032B5A6 /* Frameworks */,
				5790D3D01F55A9C90032B5A6 /* Resources */,
			);
			buildRules = (
			);
			dependencies = (
			);
			name = Sapphire;
			packageProductDependencies = (
				5796CB9823A4CCDF00AE2C27 /* RxRelay */,
				5796CB9A23A4CCDF00AE2C27 /* RxSwift */,
				5796CB9C23A4CCDF00AE2C27 /* RxCocoa */,
				5796CB9F23A4CD1800AE2C27 /* Charts */,
				5796CBA223A4CD2B00AE2C27 /* APIKit */,
				5796CBA523A4CD8900AE2C27 /* FontAwesome */,
				5796CBA823A4CDD900AE2C27 /* Differentiator */,
				5796CBAA23A4CDD900AE2C27 /* RxDataSources */,
				5796CBAD23A4CE2700AE2C27 /* Kingfisher */,
				5796CBB323A4D93A00AE2C27 /* JGProgressHUD */,
			);
			productName = Sapphire;
			productReference = 5790D3D21F55A9CA0032B5A6 /* Sapphire.app */;
			productType = "com.apple.product-type.application";
		};
/* End PBXNativeTarget section */

/* Begin PBXProject section */
		5790D3CA1F55A9C90032B5A6 /* Project object */ = {
			isa = PBXProject;
			attributes = {
				LastSwiftUpdateCheck = 0900;
				LastUpgradeCheck = 1000;
				ORGANIZATIONNAME = slightair;
				TargetAttributes = {
					5790D3D11F55A9C90032B5A6 = {
						CreatedOnToolsVersion = 9.0;
						LastSwiftMigration = 1000;
						ProvisioningStyle = Manual;
					};
				};
			};
			buildConfigurationList = 5790D3CD1F55A9C90032B5A6 /* Build configuration list for PBXProject "Sapphire" */;
			compatibilityVersion = "Xcode 8.0";
			developmentRegion = en;
			hasScannedForEncodings = 0;
			knownRegions = (
				en,
				Base,
			);
			mainGroup = 5790D3C91F55A9C90032B5A6;
			packageReferences = (
				5796CB9723A4CCDF00AE2C27 /* XCRemoteSwiftPackageReference "RxSwift" */,
				5796CB9E23A4CD1700AE2C27 /* XCRemoteSwiftPackageReference "Charts" */,
				5796CBA123A4CD2B00AE2C27 /* XCRemoteSwiftPackageReference "APIKit" */,
				5796CBA423A4CD8900AE2C27 /* XCRemoteSwiftPackageReference "FontAwesome" */,
				5796CBA723A4CDD900AE2C27 /* XCRemoteSwiftPackageReference "RxDataSources" */,
				5796CBAC23A4CE2700AE2C27 /* XCRemoteSwiftPackageReference "Kingfisher" */,
				5796CBB223A4D93A00AE2C27 /* XCRemoteSwiftPackageReference "JGProgressHUD" */,
			);
			productRefGroup = 5790D3D31F55A9CA0032B5A6 /* Products */;
			projectDirPath = "";
			projectRoot = "";
			targets = (
				5790D3D11F55A9C90032B5A6 /* Sapphire */,
			);
		};
/* End PBXProject section */

/* Begin PBXResourcesBuildPhase section */
		5790D3D01F55A9C90032B5A6 /* Resources */ = {
			isa = PBXResourcesBuildPhase;
			buildActionMask = 2147483647;
			files = (
				5796CBC523A4E33A00AE2C27 /* Font Awesome 5 Free-Regular-400.otf in Resources */,
				57E4F6191F76A4CE00D0759C /* BalancesSectionHeaderView.xib in Resources */,
				5790D3E01F55A9CA0032B5A6 /* LaunchScreen.storyboard in Resources */,
				5796CBC623A4E33A00AE2C27 /* Font Awesome 5 Free-Solid-900.otf in Resources */,
				5790D3DD1F55A9CA0032B5A6 /* Assets.xcassets in Resources */,
				5738BE9B1F6A4A3C00DFDAF3 /* OrderCell.xib in Resources */,
				572664881F61861800692521 /* BalanceCell.xib in Resources */,
				5796CBC423A4E33A00AE2C27 /* Font Awesome 5 Brands-Regular-400.otf in Resources */,
				57EEF3811F6BC79C00D9DC8E /* MarketDetailChartCell.xib in Resources */,
				5790D3DB1F55A9CA0032B5A6 /* Main.storyboard in Resources */,
				57E682C41F684CC900507F3D /* MarketSummaryCell.xib in Resources */,
			);
			runOnlyForDeploymentPostprocessing = 0;
		};
/* End PBXResourcesBuildPhase section */

/* Begin PBXShellScriptBuildPhase section */
		57FE6C141F59F2490014C623 /* SwiftLint */ = {
			isa = PBXShellScriptBuildPhase;
			buildActionMask = 2147483647;
			files = (
			);
			inputPaths = (
			);
			name = SwiftLint;
			outputPaths = (
			);
			runOnlyForDeploymentPostprocessing = 0;
			shellPath = /bin/sh;
			shellScript = "SWIFT_LINT_PATH=/opt/brew/bin/swiftlint\nif which \"${SWIFT_LINT_PATH}\" >/dev/null; then\n\"${SWIFT_LINT_PATH}\"\nelse\necho \"warning: SwiftLint not installed, download from https://github.com/realm/SwiftLint\"\nfi\n";
		};
/* End PBXShellScriptBuildPhase section */

/* Begin PBXSourcesBuildPhase section */
		5790D3CE1F55A9C90032B5A6 /* Sources */ = {
			isa = PBXSourcesBuildPhase;
			buildActionMask = 2147483647;
			files = (
				57487D031F66791700C8AACE /* Bitcoin.swift in Sources */,
				57B0DD531F666D4600652681 /* MarketSummary.swift in Sources */,
				57487D051F66796C00C8AACE /* DateFormatter+Extensions.swift in Sources */,
				5738BE9D1F6A674900DFDAF3 /* MarketSummariesSplitViewControllerBuilder.swift in Sources */,
				57EEF3791F6A9F2800D9DC8E /* Chart.swift in Sources */,
				5726648F1F618AFD00692521 /* BalanceData.swift in Sources */,
				5738BEA21F6A758700DFDAF3 /* MarketDetailUseCase.swift in Sources */,
				5726648D1F6188C900692521 /* BittrexRepository.swift in Sources */,
				5741E1071F66848A00DC8C52 /* CurrenciesRequest.swift in Sources */,
				5738BE9A1F6A4A3C00DFDAF3 /* OrderCell.swift in Sources */,
				573A1C861F5EED72007523EB /* Session+Debug.swift in Sources */,
				57BCE49E1F89DA390007660F /* MarketsRequest.swift in Sources */,
				5741E1051F6681C600DC8C52 /* Currency.swift in Sources */,
				5798FC721F619431005555BE /* UITableView+Extensions.swift in Sources */,
				5790D3D81F55A9CA0032B5A6 /* StartupViewController.swift in Sources */,
				572664871F61861800692521 /* BalanceCell.swift in Sources */,
				573A1C851F5D97AB007523EB /* DecodableDataParser.swift in Sources */,
				5738BE901F69458700DFDAF3 /* Order.swift in Sources */,
				5790D3D61F55A9CA0032B5A6 /* AppDelegate.swift in Sources */,
				57EEF37F1F6BC19800D9DC8E /* MarketDetailChartCell.swift in Sources */,
				5738BE951F6A436000DFDAF3 /* OrdersUseCase.swift in Sources */,
				573A1C871F5EED76007523EB /* Session+Rx.swift in Sources */,
				5726648B1F61889E00692521 /* BalancesUseCase.swift in Sources */,
				57FE6C241F5D8A3A0014C623 /* CurrentBalancesRequest.swift in Sources */,
				57B0DD511F666CC300652681 /* CurrentMarketSummariesRequest.swift in Sources */,
				57FE6C211F5D84800014C623 /* WebAPI.swift in Sources */,
				57E682BC1F6839E400507F3D /* MarketSummaryData.swift in Sources */,
				5738BE921F69498400DFDAF3 /* OpenOrdersRequest.swift in Sources */,
				57FE6C1D1F5D838E0014C623 /* BittrexDataStore.swift in Sources */,
				57FE6C1F1F5D84070014C623 /* BittrexAPIRequest.swift in Sources */,
				7D3C376CDAFCB0B640BE55D8 /* BalancesContract.swift in Sources */,
				5741E1021F667EC400DC8C52 /* NumberFormatter+Extensions.swift in Sources */,
				12E547A085B258433E0ACBF6 /* BalancesInteractor.swift in Sources */,
				57FE6C2A1F5D8D470014C623 /* SecureConfiguration.swift in Sources */,
				57FE6C131F59F0E30014C623 /* MainTabBarControllerControllerBuilder.swift in Sources */,
				57FE6C161F59F33C0014C623 /* Appearance.swift in Sources */,
				B57DD8390D77644AA85D791B /* BalancesPresenter.swift in Sources */,
				F3EA0E33A12A7D2851558ECF /* BalancesViewBuilder.swift in Sources */,
				8BE04E211CEDA0C932F8186F /* BalancesViewController.swift in Sources */,
				573A1C831F5D93D7007523EB /* Balance.swift in Sources */,
				A0FCD90B542A0361AB457DC5 /* BalancesWireframe.swift in Sources */,
				57BCE4A01F89DA750007660F /* Market.swift in Sources */,
				57E682C31F684CC900507F3D /* MarketSummaryCell.swift in Sources */,
				F7C0EF1743C500FFB63EFE65 /* MarketSummariesContract.swift in Sources */,
				57E4F6181F76A4CE00D0759C /* BalancesSectionHeaderView.swift in Sources */,
				57EEF37B1F6AB97200D9DC8E /* CurrentTicksRequest.swift in Sources */,
				5738BE971F6A437B00DFDAF3 /* OrderData.swift in Sources */,
				D852504EEE87EC5C0EA7CAB6 /* MarketSummariesInteractor.swift in Sources */,
				57E682BE1F683D9800507F3D /* MarketSummariesUseCase.swift in Sources */,
				1BE60EBA0DCFED17F1B9B58A /* MarketSummariesPresenter.swift in Sources */,
				4CAD84EBD54B125414762085 /* MarketSummariesViewBuilder.swift in Sources */,
				60263F8D5D0C4914F816EAA1 /* MarketSummariesViewController.swift in Sources */,
				E5D93B824E7FB393E4A79DE0 /* MarketSummariesWireframe.swift in Sources */,
				5738BE8E1F6944EC00DFDAF3 /* OrderHistoryRequest.swift in Sources */,
				EB9367DED7EA07245575F2BA /* OrdersContract.swift in Sources */,
				407413E1F6AFF6091C6C8034 /* OrdersInteractor.swift in Sources */,
				887A74F4DD6B222E529AE801 /* OrdersPresenter.swift in Sources */,
				CA94E03291B234641DD279A7 /* OrdersViewBuilder.swift in Sources */,
				52643ACCFB4232F5C692F75A /* OrdersViewController.swift in Sources */,
				86056F79CE5FACF490E029E9 /* OrdersWireframe.swift in Sources */,
				0899BD71FBBD442D98E33C85 /* MarketDetailContract.swift in Sources */,
				5738BEA01F6A757000DFDAF3 /* MarketDetailData.swift in Sources */,
				489242D4A63A2818579554A9 /* MarketDetailInteractor.swift in Sources */,
				579B234C765E0006581C61DD /* MarketDetailPresenter.swift in Sources */,
				57EEF37D1F6ABB6900D9DC8E /* CurrentMarketSummaryRequest.swift in Sources */,
				57E4F6151F73D4BB00D0759C /* UICollectionView+Extensions.swift in Sources */,
				C83B87580B4B1339B92FE6DE /* MarketDetailViewBuilder.swift in Sources */,
				12FACF1768C5EF23689F338B /* MarketDetailViewController.swift in Sources */,
				A4E723D4BD6226C8E6663D80 /* MarketDetailWireframe.swift in Sources */,
			);
			runOnlyForDeploymentPostprocessing = 0;
		};
/* End PBXSourcesBuildPhase section */

/* Begin PBXVariantGroup section */
		5790D3D91F55A9CA0032B5A6 /* Main.storyboard */ = {
			isa = PBXVariantGroup;
			children = (
				5790D3DA1F55A9CA0032B5A6 /* Base */,
			);
			name = Main.storyboard;
			sourceTree = "<group>";
		};
		5790D3DE1F55A9CA0032B5A6 /* LaunchScreen.storyboard */ = {
			isa = PBXVariantGroup;
			children = (
				5790D3DF1F55A9CA0032B5A6 /* Base */,
			);
			name = LaunchScreen.storyboard;
			sourceTree = "<group>";
		};
/* End PBXVariantGroup section */

/* Begin XCBuildConfiguration section */
		5790D3E21F55A9CA0032B5A6 /* Debug */ = {
			isa = XCBuildConfiguration;
			buildSettings = {
				ALWAYS_SEARCH_USER_PATHS = NO;
				CLANG_ANALYZER_NONNULL = YES;
				CLANG_ANALYZER_NUMBER_OBJECT_CONVERSION = YES_AGGRESSIVE;
				CLANG_CXX_LANGUAGE_STANDARD = "gnu++14";
				CLANG_CXX_LIBRARY = "libc++";
				CLANG_ENABLE_MODULES = YES;
				CLANG_ENABLE_OBJC_ARC = YES;
				CLANG_WARN_BLOCK_CAPTURE_AUTORELEASING = YES;
				CLANG_WARN_BOOL_CONVERSION = YES;
				CLANG_WARN_COMMA = YES;
				CLANG_WARN_CONSTANT_CONVERSION = YES;
				CLANG_WARN_DEPRECATED_OBJC_IMPLEMENTATIONS = YES;
				CLANG_WARN_DIRECT_OBJC_ISA_USAGE = YES_ERROR;
				CLANG_WARN_DOCUMENTATION_COMMENTS = YES;
				CLANG_WARN_EMPTY_BODY = YES;
				CLANG_WARN_ENUM_CONVERSION = YES;
				CLANG_WARN_INFINITE_RECURSION = YES;
				CLANG_WARN_INT_CONVERSION = YES;
				CLANG_WARN_NON_LITERAL_NULL_CONVERSION = YES;
				CLANG_WARN_OBJC_IMPLICIT_RETAIN_SELF = YES;
				CLANG_WARN_OBJC_LITERAL_CONVERSION = YES;
				CLANG_WARN_OBJC_ROOT_CLASS = YES_ERROR;
				CLANG_WARN_RANGE_LOOP_ANALYSIS = YES;
				CLANG_WARN_STRICT_PROTOTYPES = YES;
				CLANG_WARN_SUSPICIOUS_MOVE = YES;
				CLANG_WARN_UNGUARDED_AVAILABILITY = YES_AGGRESSIVE;
				CLANG_WARN_UNREACHABLE_CODE = YES;
				CLANG_WARN__DUPLICATE_METHOD_MATCH = YES;
				CODE_SIGN_IDENTITY = "iPhone Developer";
				COPY_PHASE_STRIP = NO;
				DEBUG_INFORMATION_FORMAT = dwarf;
				ENABLE_STRICT_OBJC_MSGSEND = YES;
				ENABLE_TESTABILITY = YES;
				GCC_C_LANGUAGE_STANDARD = gnu11;
				GCC_DYNAMIC_NO_PIC = NO;
				GCC_NO_COMMON_BLOCKS = YES;
				GCC_OPTIMIZATION_LEVEL = 0;
				GCC_PREPROCESSOR_DEFINITIONS = (
					"DEBUG=1",
					"$(inherited)",
				);
				GCC_WARN_64_TO_32_BIT_CONVERSION = YES;
				GCC_WARN_ABOUT_RETURN_TYPE = YES_ERROR;
				GCC_WARN_UNDECLARED_SELECTOR = YES;
				GCC_WARN_UNINITIALIZED_AUTOS = YES_AGGRESSIVE;
				GCC_WARN_UNUSED_FUNCTION = YES;
				GCC_WARN_UNUSED_VARIABLE = YES;
				IPHONEOS_DEPLOYMENT_TARGET = 13.1;
				MTL_ENABLE_DEBUG_INFO = YES;
				ONLY_ACTIVE_ARCH = YES;
				SDKROOT = iphoneos;
				SWIFT_ACTIVE_COMPILATION_CONDITIONS = DEBUG;
				SWIFT_OPTIMIZATION_LEVEL = "-Onone";
			};
			name = Debug;
		};
		5790D3E31F55A9CA0032B5A6 /* Release */ = {
			isa = XCBuildConfiguration;
			buildSettings = {
				ALWAYS_SEARCH_USER_PATHS = NO;
				CLANG_ANALYZER_NONNULL = YES;
				CLANG_ANALYZER_NUMBER_OBJECT_CONVERSION = YES_AGGRESSIVE;
				CLANG_CXX_LANGUAGE_STANDARD = "gnu++14";
				CLANG_CXX_LIBRARY = "libc++";
				CLANG_ENABLE_MODULES = YES;
				CLANG_ENABLE_OBJC_ARC = YES;
				CLANG_WARN_BLOCK_CAPTURE_AUTORELEASING = YES;
				CLANG_WARN_BOOL_CONVERSION = YES;
				CLANG_WARN_COMMA = YES;
				CLANG_WARN_CONSTANT_CONVERSION = YES;
				CLANG_WARN_DEPRECATED_OBJC_IMPLEMENTATIONS = YES;
				CLANG_WARN_DIRECT_OBJC_ISA_USAGE = YES_ERROR;
				CLANG_WARN_DOCUMENTATION_COMMENTS = YES;
				CLANG_WARN_EMPTY_BODY = YES;
				CLANG_WARN_ENUM_CONVERSION = YES;
				CLANG_WARN_INFINITE_RECURSION = YES;
				CLANG_WARN_INT_CONVERSION = YES;
				CLANG_WARN_NON_LITERAL_NULL_CONVERSION = YES;
				CLANG_WARN_OBJC_IMPLICIT_RETAIN_SELF = YES;
				CLANG_WARN_OBJC_LITERAL_CONVERSION = YES;
				CLANG_WARN_OBJC_ROOT_CLASS = YES_ERROR;
				CLANG_WARN_RANGE_LOOP_ANALYSIS = YES;
				CLANG_WARN_STRICT_PROTOTYPES = YES;
				CLANG_WARN_SUSPICIOUS_MOVE = YES;
				CLANG_WARN_UNGUARDED_AVAILABILITY = YES_AGGRESSIVE;
				CLANG_WARN_UNREACHABLE_CODE = YES;
				CLANG_WARN__DUPLICATE_METHOD_MATCH = YES;
				CODE_SIGN_IDENTITY = "iPhone Developer";
				COPY_PHASE_STRIP = NO;
				DEBUG_INFORMATION_FORMAT = "dwarf-with-dsym";
				ENABLE_NS_ASSERTIONS = NO;
				ENABLE_STRICT_OBJC_MSGSEND = YES;
				GCC_C_LANGUAGE_STANDARD = gnu11;
				GCC_NO_COMMON_BLOCKS = YES;
				GCC_WARN_64_TO_32_BIT_CONVERSION = YES;
				GCC_WARN_ABOUT_RETURN_TYPE = YES_ERROR;
				GCC_WARN_UNDECLARED_SELECTOR = YES;
				GCC_WARN_UNINITIALIZED_AUTOS = YES_AGGRESSIVE;
				GCC_WARN_UNUSED_FUNCTION = YES;
				GCC_WARN_UNUSED_VARIABLE = YES;
				IPHONEOS_DEPLOYMENT_TARGET = 13.1;
				MTL_ENABLE_DEBUG_INFO = NO;
				SDKROOT = iphoneos;
				SWIFT_COMPILATION_MODE = wholemodule;
				SWIFT_OPTIMIZATION_LEVEL = "-O";
				VALIDATE_PRODUCT = YES;
			};
			name = Release;
		};
		5790D3E51F55A9CA0032B5A6 /* Debug */ = {
			isa = XCBuildConfiguration;
			buildSettings = {
				ASSETCATALOG_COMPILER_APPICON_NAME = AppIcon;
				CLANG_ENABLE_MODULES = YES;
				CODE_SIGN_STYLE = Manual;
				DEVELOPMENT_TEAM = "";
				INFOPLIST_FILE = Sapphire/Info.plist;
				LD_RUNPATH_SEARCH_PATHS = (
					"$(inherited)",
					"@executable_path/Frameworks",
				);
				PRODUCT_BUNDLE_IDENTIFIER = cc.clv.ios.Sapphire;
				PRODUCT_NAME = "$(TARGET_NAME)";
				PROVISIONING_PROFILE_SPECIFIER = "";
				SWIFT_OBJC_BRIDGING_HEADER = "Sapphire/Sapphire-Bridging-Header.h";
				SWIFT_OPTIMIZATION_LEVEL = "-Onone";
				SWIFT_VERSION = 5.0;
				TARGETED_DEVICE_FAMILY = "1,2";
			};
			name = Debug;
		};
		5790D3E61F55A9CA0032B5A6 /* Release */ = {
			isa = XCBuildConfiguration;
			buildSettings = {
				ASSETCATALOG_COMPILER_APPICON_NAME = AppIcon;
				CLANG_ENABLE_MODULES = YES;
				CODE_SIGN_IDENTITY = "iPhone Distribution";
				CODE_SIGN_STYLE = Manual;
				DEVELOPMENT_TEAM = "";
				INFOPLIST_FILE = Sapphire/Info.plist;
				LD_RUNPATH_SEARCH_PATHS = (
					"$(inherited)",
					"@executable_path/Frameworks",
				);
				PRODUCT_BUNDLE_IDENTIFIER = cc.clv.ios.Sapphire;
				PRODUCT_NAME = "$(TARGET_NAME)";
				PROVISIONING_PROFILE_SPECIFIER = "";
				SWIFT_OBJC_BRIDGING_HEADER = "Sapphire/Sapphire-Bridging-Header.h";
				SWIFT_VERSION = 5.0;
				TARGETED_DEVICE_FAMILY = "1,2";
			};
			name = Release;
		};
/* End XCBuildConfiguration section */

/* Begin XCConfigurationList section */
		5790D3CD1F55A9C90032B5A6 /* Build configuration list for PBXProject "Sapphire" */ = {
			isa = XCConfigurationList;
			buildConfigurations = (
				5790D3E21F55A9CA0032B5A6 /* Debug */,
				5790D3E31F55A9CA0032B5A6 /* Release */,
			);
			defaultConfigurationIsVisible = 0;
			defaultConfigurationName = Release;
		};
		5790D3E41F55A9CA0032B5A6 /* Build configuration list for PBXNativeTarget "Sapphire" */ = {
			isa = XCConfigurationList;
			buildConfigurations = (
				5790D3E51F55A9CA0032B5A6 /* Debug */,
				5790D3E61F55A9CA0032B5A6 /* Release */,
			);
			defaultConfigurationIsVisible = 0;
			defaultConfigurationName = Release;
		};
/* End XCConfigurationList section */

/* Begin XCRemoteSwiftPackageReference section */
		5796CB9723A4CCDF00AE2C27 /* XCRemoteSwiftPackageReference "RxSwift" */ = {
			isa = XCRemoteSwiftPackageReference;
			repositoryURL = "https://github.com/ReactiveX/RxSwift";
			requirement = {
				kind = upToNextMajorVersion;
				minimumVersion = 5.0.1;
			};
		};
		5796CB9E23A4CD1700AE2C27 /* XCRemoteSwiftPackageReference "Charts" */ = {
			isa = XCRemoteSwiftPackageReference;
			repositoryURL = "https://github.com/danielgindi/Charts";
			requirement = {
				kind = upToNextMajorVersion;
				minimumVersion = 3.4.0;
			};
		};
		5796CBA123A4CD2B00AE2C27 /* XCRemoteSwiftPackageReference "APIKit" */ = {
			isa = XCRemoteSwiftPackageReference;
			repositoryURL = "https://github.com/ishkawa/APIKit";
			requirement = {
				kind = upToNextMajorVersion;
				minimumVersion = 5.0.0;
			};
		};
		5796CBA423A4CD8900AE2C27 /* XCRemoteSwiftPackageReference "FontAwesome" */ = {
			isa = XCRemoteSwiftPackageReference;
			repositoryURL = "https://github.com/thii/FontAwesome.swift";
			requirement = {
				kind = upToNextMajorVersion;
				minimumVersion = 1.8.2;
			};
		};
		5796CBA723A4CDD900AE2C27 /* XCRemoteSwiftPackageReference "RxDataSources" */ = {
			isa = XCRemoteSwiftPackageReference;
			repositoryURL = "https://github.com/RxSwiftCommunity/RxDataSources";
			requirement = {
				kind = upToNextMajorVersion;
				minimumVersion = 4.0.1;
			};
		};
		5796CBAC23A4CE2700AE2C27 /* XCRemoteSwiftPackageReference "Kingfisher" */ = {
			isa = XCRemoteSwiftPackageReference;
			repositoryURL = "https://github.com/onevcat/Kingfisher";
			requirement = {
				kind = upToNextMajorVersion;
				minimumVersion = 5.12.0;
			};
		};
		5796CBB223A4D93A00AE2C27 /* XCRemoteSwiftPackageReference "JGProgressHUD" */ = {
			isa = XCRemoteSwiftPackageReference;
			repositoryURL = "https://github.com/JonasGessner/JGProgressHUD";
			requirement = {
				kind = upToNextMajorVersion;
				minimumVersion = 2.1.0;
			};
		};
/* End XCRemoteSwiftPackageReference section */

/* Begin XCSwiftPackageProductDependency section */
		5796CB9823A4CCDF00AE2C27 /* RxRelay */ = {
			isa = XCSwiftPackageProductDependency;
			package = 5796CB9723A4CCDF00AE2C27 /* XCRemoteSwiftPackageReference "RxSwift" */;
			productName = RxRelay;
		};
		5796CB9A23A4CCDF00AE2C27 /* RxSwift */ = {
			isa = XCSwiftPackageProductDependency;
			package = 5796CB9723A4CCDF00AE2C27 /* XCRemoteSwiftPackageReference "RxSwift" */;
			productName = RxSwift;
		};
		5796CB9C23A4CCDF00AE2C27 /* RxCocoa */ = {
			isa = XCSwiftPackageProductDependency;
			package = 5796CB9723A4CCDF00AE2C27 /* XCRemoteSwiftPackageReference "RxSwift" */;
			productName = RxCocoa;
		};
		5796CB9F23A4CD1800AE2C27 /* Charts */ = {
			isa = XCSwiftPackageProductDependency;
			package = 5796CB9E23A4CD1700AE2C27 /* XCRemoteSwiftPackageReference "Charts" */;
			productName = Charts;
		};
		5796CBA223A4CD2B00AE2C27 /* APIKit */ = {
			isa = XCSwiftPackageProductDependency;
			package = 5796CBA123A4CD2B00AE2C27 /* XCRemoteSwiftPackageReference "APIKit" */;
			productName = APIKit;
		};
		5796CBA523A4CD8900AE2C27 /* FontAwesome */ = {
			isa = XCSwiftPackageProductDependency;
			package = 5796CBA423A4CD8900AE2C27 /* XCRemoteSwiftPackageReference "FontAwesome" */;
			productName = FontAwesome;
		};
		5796CBA823A4CDD900AE2C27 /* Differentiator */ = {
			isa = XCSwiftPackageProductDependency;
			package = 5796CBA723A4CDD900AE2C27 /* XCRemoteSwiftPackageReference "RxDataSources" */;
			productName = Differentiator;
		};
		5796CBAA23A4CDD900AE2C27 /* RxDataSources */ = {
			isa = XCSwiftPackageProductDependency;
			package = 5796CBA723A4CDD900AE2C27 /* XCRemoteSwiftPackageReference "RxDataSources" */;
			productName = RxDataSources;
		};
		5796CBAD23A4CE2700AE2C27 /* Kingfisher */ = {
			isa = XCSwiftPackageProductDependency;
			package = 5796CBAC23A4CE2700AE2C27 /* XCRemoteSwiftPackageReference "Kingfisher" */;
			productName = Kingfisher;
		};
		5796CBB323A4D93A00AE2C27 /* JGProgressHUD */ = {
			isa = XCSwiftPackageProductDependency;
			package = 5796CBB223A4D93A00AE2C27 /* XCRemoteSwiftPackageReference "JGProgressHUD" */;
			productName = JGProgressHUD;
		};
/* End XCSwiftPackageProductDependency section */
	};
	rootObject = 5790D3CA1F55A9C90032B5A6 /* Project object */;
}
