// !$*UTF8*$!
{
	archiveVersion = 1;
	classes = {
	};
	objectVersion = 48;
	objects = {

/* Begin PBXBuildFile section */
		12E547A085B258433E0ACBF6 /* BalancesInteractor.swift in Sources */ = {isa = PBXBuildFile; fileRef = 66B935D34C468742ABBD1D6E /* BalancesInteractor.swift */; };
		1BE60EBA0DCFED17F1B9B58A /* MarketSummariesPresenter.swift in Sources */ = {isa = PBXBuildFile; fileRef = C0FCFAC32B656AB4E0C80E84 /* MarketSummariesPresenter.swift */; };
		4CAD84EBD54B125414762085 /* MarketSummariesViewBuilder.swift in Sources */ = {isa = PBXBuildFile; fileRef = F04B6497442DE2DBC4E8106C /* MarketSummariesViewBuilder.swift */; };
		554B6FE60A86B01DB859A8E9 /* AssetsPresenter.swift in Sources */ = {isa = PBXBuildFile; fileRef = 00138DA59B7835FEE20BACA2 /* AssetsPresenter.swift */; };
		56FA7B8F60F550267103802E /* Pods_Sapphire.framework in Frameworks */ = {isa = PBXBuildFile; fileRef = 081D17767BB6E775A2572EC8 /* Pods_Sapphire.framework */; };
		572664871F61861800692521 /* BalanceCell.swift in Sources */ = {isa = PBXBuildFile; fileRef = 572664851F61861800692521 /* BalanceCell.swift */; };
		572664881F61861800692521 /* BalanceCell.xib in Resources */ = {isa = PBXBuildFile; fileRef = 572664861F61861800692521 /* BalanceCell.xib */; };
		5726648B1F61889E00692521 /* BalancesUseCase.swift in Sources */ = {isa = PBXBuildFile; fileRef = 5726648A1F61889E00692521 /* BalancesUseCase.swift */; };
		5726648D1F6188C900692521 /* BittrexRepository.swift in Sources */ = {isa = PBXBuildFile; fileRef = 5726648C1F6188C900692521 /* BittrexRepository.swift */; };
		5726648F1F618AFD00692521 /* BalanceData.swift in Sources */ = {isa = PBXBuildFile; fileRef = 5726648E1F618AFD00692521 /* BalanceData.swift */; };
		573A1C831F5D93D7007523EB /* Balance.swift in Sources */ = {isa = PBXBuildFile; fileRef = 573A1C821F5D93D7007523EB /* Balance.swift */; };
		573A1C851F5D97AB007523EB /* DecodableDataParser.swift in Sources */ = {isa = PBXBuildFile; fileRef = 573A1C841F5D97AB007523EB /* DecodableDataParser.swift */; };
		573A1C861F5EED72007523EB /* Session+Debug.swift in Sources */ = {isa = PBXBuildFile; fileRef = 57FE6C1B1F5D835B0014C623 /* Session+Debug.swift */; };
		573A1C871F5EED76007523EB /* Session+Rx.swift in Sources */ = {isa = PBXBuildFile; fileRef = 57FE6C1A1F5D835B0014C623 /* Session+Rx.swift */; };
		5741E1021F667EC400DC8C52 /* NumberFormatter+Extensions.swift in Sources */ = {isa = PBXBuildFile; fileRef = 5741E1011F667EC400DC8C52 /* NumberFormatter+Extensions.swift */; };
		5741E1051F6681C600DC8C52 /* Currency.swift in Sources */ = {isa = PBXBuildFile; fileRef = 5741E1041F6681C600DC8C52 /* Currency.swift */; };
		5741E1071F66848A00DC8C52 /* CurrenciesRequest.swift in Sources */ = {isa = PBXBuildFile; fileRef = 5741E1061F66848A00DC8C52 /* CurrenciesRequest.swift */; };
		57487D031F66791700C8AACE /* Bitcoin.swift in Sources */ = {isa = PBXBuildFile; fileRef = 57487D021F66791700C8AACE /* Bitcoin.swift */; };
		57487D051F66796C00C8AACE /* DateFormatter+Extensions.swift in Sources */ = {isa = PBXBuildFile; fileRef = 57487D041F66796C00C8AACE /* DateFormatter+Extensions.swift */; };
		5790D3D61F55A9CA0032B5A6 /* AppDelegate.swift in Sources */ = {isa = PBXBuildFile; fileRef = 5790D3D51F55A9CA0032B5A6 /* AppDelegate.swift */; };
		5790D3D81F55A9CA0032B5A6 /* StartupViewController.swift in Sources */ = {isa = PBXBuildFile; fileRef = 5790D3D71F55A9CA0032B5A6 /* StartupViewController.swift */; };
		5790D3DB1F55A9CA0032B5A6 /* Main.storyboard in Resources */ = {isa = PBXBuildFile; fileRef = 5790D3D91F55A9CA0032B5A6 /* Main.storyboard */; };
		5790D3DD1F55A9CA0032B5A6 /* Assets.xcassets in Resources */ = {isa = PBXBuildFile; fileRef = 5790D3DC1F55A9CA0032B5A6 /* Assets.xcassets */; };
		5790D3E01F55A9CA0032B5A6 /* LaunchScreen.storyboard in Resources */ = {isa = PBXBuildFile; fileRef = 5790D3DE1F55A9CA0032B5A6 /* LaunchScreen.storyboard */; };
		5798FC721F619431005555BE /* UITableView+Extensions.swift in Sources */ = {isa = PBXBuildFile; fileRef = 5798FC711F619431005555BE /* UITableView+Extensions.swift */; };
		57B0DD511F666CC300652681 /* CurrentMarketSummariesRequest.swift in Sources */ = {isa = PBXBuildFile; fileRef = 57B0DD501F666CC300652681 /* CurrentMarketSummariesRequest.swift */; };
		57B0DD531F666D4600652681 /* MarketSummary.swift in Sources */ = {isa = PBXBuildFile; fileRef = 57B0DD521F666D4600652681 /* MarketSummary.swift */; };
		57E682BC1F6839E400507F3D /* MarketSummaryData.swift in Sources */ = {isa = PBXBuildFile; fileRef = 57E682BB1F6839E400507F3D /* MarketSummaryData.swift */; };
		57E682BE1F683D9800507F3D /* MarketSummariesUseCase.swift in Sources */ = {isa = PBXBuildFile; fileRef = 57E682BD1F683D9800507F3D /* MarketSummariesUseCase.swift */; };
		57E682C31F684CC900507F3D /* MarketSummaryCell.swift in Sources */ = {isa = PBXBuildFile; fileRef = 57E682C11F684CC900507F3D /* MarketSummaryCell.swift */; };
		57E682C41F684CC900507F3D /* MarketSummaryCell.xib in Resources */ = {isa = PBXBuildFile; fileRef = 57E682C21F684CC900507F3D /* MarketSummaryCell.xib */; };
		57FE6C131F59F0E30014C623 /* MainTabBarControllerControllerBuilder.swift in Sources */ = {isa = PBXBuildFile; fileRef = 57FE6C121F59F0E30014C623 /* MainTabBarControllerControllerBuilder.swift */; };
		57FE6C161F59F33C0014C623 /* Appearance.swift in Sources */ = {isa = PBXBuildFile; fileRef = 57FE6C151F59F33C0014C623 /* Appearance.swift */; };
		57FE6C1D1F5D838E0014C623 /* BittrexDataStore.swift in Sources */ = {isa = PBXBuildFile; fileRef = 57FE6C1C1F5D838E0014C623 /* BittrexDataStore.swift */; };
		57FE6C1F1F5D84070014C623 /* BittrexAPIRequest.swift in Sources */ = {isa = PBXBuildFile; fileRef = 57FE6C1E1F5D84070014C623 /* BittrexAPIRequest.swift */; };
		57FE6C211F5D84800014C623 /* WebAPI.swift in Sources */ = {isa = PBXBuildFile; fileRef = 57FE6C201F5D84800014C623 /* WebAPI.swift */; };
		57FE6C241F5D8A3A0014C623 /* CurrentBalancesRequest.swift in Sources */ = {isa = PBXBuildFile; fileRef = 57FE6C231F5D8A3A0014C623 /* CurrentBalancesRequest.swift */; };
		57FE6C2A1F5D8D470014C623 /* SecureConfiguration.swift in Sources */ = {isa = PBXBuildFile; fileRef = 57FE6C291F5D8D470014C623 /* SecureConfiguration.swift */; };
		60263F8D5D0C4914F816EAA1 /* MarketSummariesViewController.swift in Sources */ = {isa = PBXBuildFile; fileRef = F935336489F62845652A2653 /* MarketSummariesViewController.swift */; };
		65CAF5203893EDEA7C519D7D /* AssetsViewBuilder.swift in Sources */ = {isa = PBXBuildFile; fileRef = FE6EAF1241B02A21237DE310 /* AssetsViewBuilder.swift */; };
		7D3C376CDAFCB0B640BE55D8 /* BalancesContract.swift in Sources */ = {isa = PBXBuildFile; fileRef = 69FDF73D6A4A328522CD6A55 /* BalancesContract.swift */; };
		8BE04E211CEDA0C932F8186F /* BalancesViewController.swift in Sources */ = {isa = PBXBuildFile; fileRef = 7D310C9FB763FF84D736D5F4 /* BalancesViewController.swift */; };
		A0FCD90B542A0361AB457DC5 /* BalancesWireframe.swift in Sources */ = {isa = PBXBuildFile; fileRef = 64E9C44623E00EDC898C1BFA /* BalancesWireframe.swift */; };
		B57DD8390D77644AA85D791B /* BalancesPresenter.swift in Sources */ = {isa = PBXBuildFile; fileRef = C0D58BCA670A4533EA59E554 /* BalancesPresenter.swift */; };
		D212B2C1C89B50657DC16D25 /* AssetsWireframe.swift in Sources */ = {isa = PBXBuildFile; fileRef = 60F8DF9222A199CF08C23480 /* AssetsWireframe.swift */; };
		D6A09D7ABBCFA2AEF10CDE3D /* AssetsViewController.swift in Sources */ = {isa = PBXBuildFile; fileRef = 6219D5671DF4D9FA1E0D0A9E /* AssetsViewController.swift */; };
		D852504EEE87EC5C0EA7CAB6 /* MarketSummariesInteractor.swift in Sources */ = {isa = PBXBuildFile; fileRef = B24AD83F3C0DBF2FFA4AB638 /* MarketSummariesInteractor.swift */; };
		E5D93B824E7FB393E4A79DE0 /* MarketSummariesWireframe.swift in Sources */ = {isa = PBXBuildFile; fileRef = 475601400B0CCD4041D23588 /* MarketSummariesWireframe.swift */; };
		F3EA0E33A12A7D2851558ECF /* BalancesViewBuilder.swift in Sources */ = {isa = PBXBuildFile; fileRef = E9806E019FC489411046AEA3 /* BalancesViewBuilder.swift */; };
		F76015AAA12F3C740AC3295A /* AssetsInteractor.swift in Sources */ = {isa = PBXBuildFile; fileRef = BC4EBAB1FFFE3DA116ED42F6 /* AssetsInteractor.swift */; };
		F7C0EF1743C500FFB63EFE65 /* MarketSummariesContract.swift in Sources */ = {isa = PBXBuildFile; fileRef = 1C7F3DE39DBBB82E6AF7D727 /* MarketSummariesContract.swift */; };
		FD8D7652EFE90476DE364A46 /* AssetsContract.swift in Sources */ = {isa = PBXBuildFile; fileRef = 6B9F97B475F4A49D8AF2C439 /* AssetsContract.swift */; };
/* End PBXBuildFile section */

/* Begin PBXFileReference section */
		00138DA59B7835FEE20BACA2 /* AssetsPresenter.swift */ = {isa = PBXFileReference; includeInIndex = 1; lastKnownFileType = sourcecode.swift; path = AssetsPresenter.swift; sourceTree = "<group>"; };
		081D17767BB6E775A2572EC8 /* Pods_Sapphire.framework */ = {isa = PBXFileReference; explicitFileType = wrapper.framework; includeInIndex = 0; path = Pods_Sapphire.framework; sourceTree = BUILT_PRODUCTS_DIR; };
		1C7F3DE39DBBB82E6AF7D727 /* MarketSummariesContract.swift */ = {isa = PBXFileReference; includeInIndex = 1; lastKnownFileType = sourcecode.swift; path = MarketSummariesContract.swift; sourceTree = "<group>"; };
		3E62B4AC3B00C089F7CBF662 /* Pods-Sapphire.debug.xcconfig */ = {isa = PBXFileReference; includeInIndex = 1; lastKnownFileType = text.xcconfig; name = "Pods-Sapphire.debug.xcconfig"; path = "Pods/Target Support Files/Pods-Sapphire/Pods-Sapphire.debug.xcconfig"; sourceTree = "<group>"; };
		475601400B0CCD4041D23588 /* MarketSummariesWireframe.swift */ = {isa = PBXFileReference; includeInIndex = 1; lastKnownFileType = sourcecode.swift; path = MarketSummariesWireframe.swift; sourceTree = "<group>"; };
		572664851F61861800692521 /* BalanceCell.swift */ = {isa = PBXFileReference; lastKnownFileType = sourcecode.swift; path = BalanceCell.swift; sourceTree = "<group>"; };
		572664861F61861800692521 /* BalanceCell.xib */ = {isa = PBXFileReference; lastKnownFileType = file.xib; path = BalanceCell.xib; sourceTree = "<group>"; };
		5726648A1F61889E00692521 /* BalancesUseCase.swift */ = {isa = PBXFileReference; lastKnownFileType = sourcecode.swift; path = BalancesUseCase.swift; sourceTree = "<group>"; };
		5726648C1F6188C900692521 /* BittrexRepository.swift */ = {isa = PBXFileReference; lastKnownFileType = sourcecode.swift; path = BittrexRepository.swift; sourceTree = "<group>"; };
		5726648E1F618AFD00692521 /* BalanceData.swift */ = {isa = PBXFileReference; lastKnownFileType = sourcecode.swift; path = BalanceData.swift; sourceTree = "<group>"; };
		573A1C821F5D93D7007523EB /* Balance.swift */ = {isa = PBXFileReference; lastKnownFileType = sourcecode.swift; path = Balance.swift; sourceTree = "<group>"; };
		573A1C841F5D97AB007523EB /* DecodableDataParser.swift */ = {isa = PBXFileReference; lastKnownFileType = sourcecode.swift; path = DecodableDataParser.swift; sourceTree = "<group>"; };
		5741E1011F667EC400DC8C52 /* NumberFormatter+Extensions.swift */ = {isa = PBXFileReference; lastKnownFileType = sourcecode.swift; path = "NumberFormatter+Extensions.swift"; sourceTree = "<group>"; };
		5741E1041F6681C600DC8C52 /* Currency.swift */ = {isa = PBXFileReference; lastKnownFileType = sourcecode.swift; path = Currency.swift; sourceTree = "<group>"; };
		5741E1061F66848A00DC8C52 /* CurrenciesRequest.swift */ = {isa = PBXFileReference; lastKnownFileType = sourcecode.swift; path = CurrenciesRequest.swift; sourceTree = "<group>"; };
		57487D021F66791700C8AACE /* Bitcoin.swift */ = {isa = PBXFileReference; lastKnownFileType = sourcecode.swift; path = Bitcoin.swift; sourceTree = "<group>"; };
		57487D041F66796C00C8AACE /* DateFormatter+Extensions.swift */ = {isa = PBXFileReference; lastKnownFileType = sourcecode.swift; path = "DateFormatter+Extensions.swift"; sourceTree = "<group>"; };
		5790D3D21F55A9CA0032B5A6 /* Sapphire.app */ = {isa = PBXFileReference; explicitFileType = wrapper.application; includeInIndex = 0; path = Sapphire.app; sourceTree = BUILT_PRODUCTS_DIR; };
		5790D3D51F55A9CA0032B5A6 /* AppDelegate.swift */ = {isa = PBXFileReference; lastKnownFileType = sourcecode.swift; path = AppDelegate.swift; sourceTree = "<group>"; };
		5790D3D71F55A9CA0032B5A6 /* StartupViewController.swift */ = {isa = PBXFileReference; lastKnownFileType = sourcecode.swift; path = StartupViewController.swift; sourceTree = "<group>"; };
		5790D3DA1F55A9CA0032B5A6 /* Base */ = {isa = PBXFileReference; lastKnownFileType = file.storyboard; name = Base; path = Base.lproj/Main.storyboard; sourceTree = "<group>"; };
		5790D3DC1F55A9CA0032B5A6 /* Assets.xcassets */ = {isa = PBXFileReference; lastKnownFileType = folder.assetcatalog; path = Assets.xcassets; sourceTree = "<group>"; };
		5790D3DF1F55A9CA0032B5A6 /* Base */ = {isa = PBXFileReference; lastKnownFileType = file.storyboard; name = Base; path = Base.lproj/LaunchScreen.storyboard; sourceTree = "<group>"; };
		5790D3E11F55A9CA0032B5A6 /* Info.plist */ = {isa = PBXFileReference; lastKnownFileType = text.plist.xml; path = Info.plist; sourceTree = "<group>"; };
		5798FC711F619431005555BE /* UITableView+Extensions.swift */ = {isa = PBXFileReference; lastKnownFileType = sourcecode.swift; path = "UITableView+Extensions.swift"; sourceTree = "<group>"; };
		57B0DD501F666CC300652681 /* CurrentMarketSummariesRequest.swift */ = {isa = PBXFileReference; lastKnownFileType = sourcecode.swift; path = CurrentMarketSummariesRequest.swift; sourceTree = "<group>"; };
		57B0DD521F666D4600652681 /* MarketSummary.swift */ = {isa = PBXFileReference; lastKnownFileType = sourcecode.swift; path = MarketSummary.swift; sourceTree = "<group>"; };
		57E682BB1F6839E400507F3D /* MarketSummaryData.swift */ = {isa = PBXFileReference; lastKnownFileType = sourcecode.swift; path = MarketSummaryData.swift; sourceTree = "<group>"; };
		57E682BD1F683D9800507F3D /* MarketSummariesUseCase.swift */ = {isa = PBXFileReference; lastKnownFileType = sourcecode.swift; path = MarketSummariesUseCase.swift; sourceTree = "<group>"; };
		57E682C11F684CC900507F3D /* MarketSummaryCell.swift */ = {isa = PBXFileReference; lastKnownFileType = sourcecode.swift; path = MarketSummaryCell.swift; sourceTree = "<group>"; };
		57E682C21F684CC900507F3D /* MarketSummaryCell.xib */ = {isa = PBXFileReference; lastKnownFileType = file.xib; path = MarketSummaryCell.xib; sourceTree = "<group>"; };
		57FE6C121F59F0E30014C623 /* MainTabBarControllerControllerBuilder.swift */ = {isa = PBXFileReference; lastKnownFileType = sourcecode.swift; path = MainTabBarControllerControllerBuilder.swift; sourceTree = "<group>"; };
		57FE6C151F59F33C0014C623 /* Appearance.swift */ = {isa = PBXFileReference; lastKnownFileType = sourcecode.swift; path = Appearance.swift; sourceTree = "<group>"; };
		57FE6C1A1F5D835B0014C623 /* Session+Rx.swift */ = {isa = PBXFileReference; lastKnownFileType = sourcecode.swift; path = "Session+Rx.swift"; sourceTree = "<group>"; };
		57FE6C1B1F5D835B0014C623 /* Session+Debug.swift */ = {isa = PBXFileReference; lastKnownFileType = sourcecode.swift; path = "Session+Debug.swift"; sourceTree = "<group>"; };
		57FE6C1C1F5D838E0014C623 /* BittrexDataStore.swift */ = {isa = PBXFileReference; lastKnownFileType = sourcecode.swift; path = BittrexDataStore.swift; sourceTree = "<group>"; };
		57FE6C1E1F5D84070014C623 /* BittrexAPIRequest.swift */ = {isa = PBXFileReference; lastKnownFileType = sourcecode.swift; path = BittrexAPIRequest.swift; sourceTree = "<group>"; };
		57FE6C201F5D84800014C623 /* WebAPI.swift */ = {isa = PBXFileReference; lastKnownFileType = sourcecode.swift; path = WebAPI.swift; sourceTree = "<group>"; };
		57FE6C231F5D8A3A0014C623 /* CurrentBalancesRequest.swift */ = {isa = PBXFileReference; lastKnownFileType = sourcecode.swift; path = CurrentBalancesRequest.swift; sourceTree = "<group>"; };
		57FE6C251F5D8C570014C623 /* Sapphire-Bridging-Header.h */ = {isa = PBXFileReference; lastKnownFileType = sourcecode.c.h; path = "Sapphire-Bridging-Header.h"; sourceTree = "<group>"; };
		57FE6C291F5D8D470014C623 /* SecureConfiguration.swift */ = {isa = PBXFileReference; lastKnownFileType = sourcecode.swift; path = SecureConfiguration.swift; sourceTree = "<group>"; };
		60F8DF9222A199CF08C23480 /* AssetsWireframe.swift */ = {isa = PBXFileReference; includeInIndex = 1; lastKnownFileType = sourcecode.swift; path = AssetsWireframe.swift; sourceTree = "<group>"; };
		6219D5671DF4D9FA1E0D0A9E /* AssetsViewController.swift */ = {isa = PBXFileReference; includeInIndex = 1; lastKnownFileType = sourcecode.swift; path = AssetsViewController.swift; sourceTree = "<group>"; };
		64E9C44623E00EDC898C1BFA /* BalancesWireframe.swift */ = {isa = PBXFileReference; includeInIndex = 1; lastKnownFileType = sourcecode.swift; path = BalancesWireframe.swift; sourceTree = "<group>"; };
		66B935D34C468742ABBD1D6E /* BalancesInteractor.swift */ = {isa = PBXFileReference; includeInIndex = 1; lastKnownFileType = sourcecode.swift; path = BalancesInteractor.swift; sourceTree = "<group>"; };
		69FDF73D6A4A328522CD6A55 /* BalancesContract.swift */ = {isa = PBXFileReference; includeInIndex = 1; lastKnownFileType = sourcecode.swift; path = BalancesContract.swift; sourceTree = "<group>"; };
		6B9F97B475F4A49D8AF2C439 /* AssetsContract.swift */ = {isa = PBXFileReference; includeInIndex = 1; lastKnownFileType = sourcecode.swift; path = AssetsContract.swift; sourceTree = "<group>"; };
		7D310C9FB763FF84D736D5F4 /* BalancesViewController.swift */ = {isa = PBXFileReference; includeInIndex = 1; lastKnownFileType = sourcecode.swift; path = BalancesViewController.swift; sourceTree = "<group>"; };
		B24AD83F3C0DBF2FFA4AB638 /* MarketSummariesInteractor.swift */ = {isa = PBXFileReference; includeInIndex = 1; lastKnownFileType = sourcecode.swift; path = MarketSummariesInteractor.swift; sourceTree = "<group>"; };
		BC4EBAB1FFFE3DA116ED42F6 /* AssetsInteractor.swift */ = {isa = PBXFileReference; includeInIndex = 1; lastKnownFileType = sourcecode.swift; path = AssetsInteractor.swift; sourceTree = "<group>"; };
		C0D58BCA670A4533EA59E554 /* BalancesPresenter.swift */ = {isa = PBXFileReference; includeInIndex = 1; lastKnownFileType = sourcecode.swift; path = BalancesPresenter.swift; sourceTree = "<group>"; };
		C0FCFAC32B656AB4E0C80E84 /* MarketSummariesPresenter.swift */ = {isa = PBXFileReference; includeInIndex = 1; lastKnownFileType = sourcecode.swift; path = MarketSummariesPresenter.swift; sourceTree = "<group>"; };
		E415C85B3CE43BBCCAA27A9D /* Pods-Sapphire.release.xcconfig */ = {isa = PBXFileReference; includeInIndex = 1; lastKnownFileType = text.xcconfig; name = "Pods-Sapphire.release.xcconfig"; path = "Pods/Target Support Files/Pods-Sapphire/Pods-Sapphire.release.xcconfig"; sourceTree = "<group>"; };
		E9806E019FC489411046AEA3 /* BalancesViewBuilder.swift */ = {isa = PBXFileReference; includeInIndex = 1; lastKnownFileType = sourcecode.swift; path = BalancesViewBuilder.swift; sourceTree = "<group>"; };
		F04B6497442DE2DBC4E8106C /* MarketSummariesViewBuilder.swift */ = {isa = PBXFileReference; includeInIndex = 1; lastKnownFileType = sourcecode.swift; path = MarketSummariesViewBuilder.swift; sourceTree = "<group>"; };
		F935336489F62845652A2653 /* MarketSummariesViewController.swift */ = {isa = PBXFileReference; includeInIndex = 1; lastKnownFileType = sourcecode.swift; path = MarketSummariesViewController.swift; sourceTree = "<group>"; };
		FE6EAF1241B02A21237DE310 /* AssetsViewBuilder.swift */ = {isa = PBXFileReference; includeInIndex = 1; lastKnownFileType = sourcecode.swift; path = AssetsViewBuilder.swift; sourceTree = "<group>"; };
/* End PBXFileReference section */

/* Begin PBXFrameworksBuildPhase section */
		5790D3CF1F55A9C90032B5A6 /* Frameworks */ = {
			isa = PBXFrameworksBuildPhase;
			buildActionMask = 2147483647;
			files = (
				56FA7B8F60F550267103802E /* Pods_Sapphire.framework in Frameworks */,
			);
			runOnlyForDeploymentPostprocessing = 0;
		};
/* End PBXFrameworksBuildPhase section */

/* Begin PBXGroup section */
		0A856123B4529D00866F7EE3 /* Balances */ = {
			isa = PBXGroup;
			children = (
				69FDF73D6A4A328522CD6A55 /* BalancesContract.swift */,
				66B935D34C468742ABBD1D6E /* BalancesInteractor.swift */,
				C0D58BCA670A4533EA59E554 /* BalancesPresenter.swift */,
				E9806E019FC489411046AEA3 /* BalancesViewBuilder.swift */,
				7D310C9FB763FF84D736D5F4 /* BalancesViewController.swift */,
				64E9C44623E00EDC898C1BFA /* BalancesWireframe.swift */,
				572664851F61861800692521 /* BalanceCell.swift */,
				572664861F61861800692521 /* BalanceCell.xib */,
			);
			path = Balances;
			sourceTree = "<group>";
		};
		15B9899D40CE70186AA00C4E /* Pods */ = {
			isa = PBXGroup;
			children = (
				3E62B4AC3B00C089F7CBF662 /* Pods-Sapphire.debug.xcconfig */,
				E415C85B3CE43BBCCAA27A9D /* Pods-Sapphire.release.xcconfig */,
			);
			name = Pods;
			sourceTree = "<group>";
		};
		33616618E5B9F291709BCD5D /* Application */ = {
			isa = PBXGroup;
			children = (
				5790D3D71F55A9CA0032B5A6 /* StartupViewController.swift */,
				57FE6C121F59F0E30014C623 /* MainTabBarControllerControllerBuilder.swift */,
				0A856123B4529D00866F7EE3 /* Balances */,
				6E99F378DF47CD5EE70580A8 /* Assets */,
				91BB629DB63B7B92B4B38396 /* MarketSummaries */,
			);
			path = Application;
			sourceTree = "<group>";
		};
		572664891F61885600692521 /* Balances */ = {
			isa = PBXGroup;
			children = (
				5726648A1F61889E00692521 /* BalancesUseCase.swift */,
				5726648E1F618AFD00692521 /* BalanceData.swift */,
			);
			path = Balances;
			sourceTree = "<group>";
		};
		573A1C811F5D93C4007523EB /* Entity */ = {
			isa = PBXGroup;
			children = (
				573A1C821F5D93D7007523EB /* Balance.swift */,
				57B0DD521F666D4600652681 /* MarketSummary.swift */,
				5741E1041F6681C600DC8C52 /* Currency.swift */,
			);
			path = Entity;
			sourceTree = "<group>";
		};
		5741E1031F667EF900DC8C52 /* Extensions */ = {
			isa = PBXGroup;
			children = (
				5798FC711F619431005555BE /* UITableView+Extensions.swift */,
				57487D041F66796C00C8AACE /* DateFormatter+Extensions.swift */,
				5741E1011F667EC400DC8C52 /* NumberFormatter+Extensions.swift */,
			);
			path = Extensions;
			sourceTree = "<group>";
		};
		5790D3C91F55A9C90032B5A6 = {
			isa = PBXGroup;
			children = (
				5790D3D41F55A9CA0032B5A6 /* Sapphire */,
				5790D3D31F55A9CA0032B5A6 /* Products */,
				15B9899D40CE70186AA00C4E /* Pods */,
				9554955A5A00363DD2B22608 /* Frameworks */,
			);
			sourceTree = "<group>";
		};
		5790D3D31F55A9CA0032B5A6 /* Products */ = {
			isa = PBXGroup;
			children = (
				5790D3D21F55A9CA0032B5A6 /* Sapphire.app */,
			);
			name = Products;
			sourceTree = "<group>";
		};
		5790D3D41F55A9CA0032B5A6 /* Sapphire */ = {
			isa = PBXGroup;
			children = (
				5790D3D51F55A9CA0032B5A6 /* AppDelegate.swift */,
				57FE6C151F59F33C0014C623 /* Appearance.swift */,
				33616618E5B9F291709BCD5D /* Application */,
				57FE6C181F5D80B50014C623 /* Domain */,
				57FE6C171F5D80A70014C623 /* Data */,
				5741E1031F667EF900DC8C52 /* Extensions */,
				5790D3D91F55A9CA0032B5A6 /* Main.storyboard */,
				5790D3DE1F55A9CA0032B5A6 /* LaunchScreen.storyboard */,
				5790D3DC1F55A9CA0032B5A6 /* Assets.xcassets */,
				5790D3E11F55A9CA0032B5A6 /* Info.plist */,
				57FE6C251F5D8C570014C623 /* Sapphire-Bridging-Header.h */,
			);
			path = Sapphire;
			sourceTree = "<group>";
		};
		57E682BA1F6839CF00507F3D /* MarketSummaries */ = {
			isa = PBXGroup;
			children = (
				57E682BD1F683D9800507F3D /* MarketSummariesUseCase.swift */,
				57E682BB1F6839E400507F3D /* MarketSummaryData.swift */,
			);
			path = MarketSummaries;
			sourceTree = "<group>";
		};
		57FE6C171F5D80A70014C623 /* Data */ = {
			isa = PBXGroup;
			children = (
				573A1C811F5D93C4007523EB /* Entity */,
				57FE6C191F5D83100014C623 /* WebAPI */,
				57FE6C1C1F5D838E0014C623 /* BittrexDataStore.swift */,
			);
			path = Data;
			sourceTree = "<group>";
		};
		57FE6C181F5D80B50014C623 /* Domain */ = {
			isa = PBXGroup;
			children = (
				57E682BA1F6839CF00507F3D /* MarketSummaries */,
				572664891F61885600692521 /* Balances */,
				5726648C1F6188C900692521 /* BittrexRepository.swift */,
				57487D021F66791700C8AACE /* Bitcoin.swift */,
			);
			path = Domain;
			sourceTree = "<group>";
		};
		57FE6C191F5D83100014C623 /* WebAPI */ = {
			isa = PBXGroup;
			children = (
				57FE6C1B1F5D835B0014C623 /* Session+Debug.swift */,
				57FE6C1A1F5D835B0014C623 /* Session+Rx.swift */,
				57FE6C201F5D84800014C623 /* WebAPI.swift */,
				57FE6C291F5D8D470014C623 /* SecureConfiguration.swift */,
				57FE6C221F5D854B0014C623 /* Bittrex */,
				573A1C841F5D97AB007523EB /* DecodableDataParser.swift */,
			);
			path = WebAPI;
			sourceTree = "<group>";
		};
		57FE6C221F5D854B0014C623 /* Bittrex */ = {
			isa = PBXGroup;
			children = (
				57FE6C1E1F5D84070014C623 /* BittrexAPIRequest.swift */,
				57FE6C231F5D8A3A0014C623 /* CurrentBalancesRequest.swift */,
				57B0DD501F666CC300652681 /* CurrentMarketSummariesRequest.swift */,
				5741E1061F66848A00DC8C52 /* CurrenciesRequest.swift */,
			);
			path = Bittrex;
			sourceTree = "<group>";
		};
		6E99F378DF47CD5EE70580A8 /* Assets */ = {
			isa = PBXGroup;
			children = (
				6B9F97B475F4A49D8AF2C439 /* AssetsContract.swift */,
				BC4EBAB1FFFE3DA116ED42F6 /* AssetsInteractor.swift */,
				00138DA59B7835FEE20BACA2 /* AssetsPresenter.swift */,
				FE6EAF1241B02A21237DE310 /* AssetsViewBuilder.swift */,
				6219D5671DF4D9FA1E0D0A9E /* AssetsViewController.swift */,
				60F8DF9222A199CF08C23480 /* AssetsWireframe.swift */,
			);
			path = Assets;
			sourceTree = "<group>";
		};
		91BB629DB63B7B92B4B38396 /* MarketSummaries */ = {
			isa = PBXGroup;
			children = (
				1C7F3DE39DBBB82E6AF7D727 /* MarketSummariesContract.swift */,
				B24AD83F3C0DBF2FFA4AB638 /* MarketSummariesInteractor.swift */,
				C0FCFAC32B656AB4E0C80E84 /* MarketSummariesPresenter.swift */,
				F04B6497442DE2DBC4E8106C /* MarketSummariesViewBuilder.swift */,
				F935336489F62845652A2653 /* MarketSummariesViewController.swift */,
				475601400B0CCD4041D23588 /* MarketSummariesWireframe.swift */,
				57E682C11F684CC900507F3D /* MarketSummaryCell.swift */,
				57E682C21F684CC900507F3D /* MarketSummaryCell.xib */,
			);
			path = MarketSummaries;
			sourceTree = "<group>";
		};
		9554955A5A00363DD2B22608 /* Frameworks */ = {
			isa = PBXGroup;
			children = (
				081D17767BB6E775A2572EC8 /* Pods_Sapphire.framework */,
			);
			name = Frameworks;
			sourceTree = "<group>";
		};
/* End PBXGroup section */

/* Begin PBXNativeTarget section */
		5790D3D11F55A9C90032B5A6 /* Sapphire */ = {
			isa = PBXNativeTarget;
			buildConfigurationList = 5790D3E41F55A9CA0032B5A6 /* Build configuration list for PBXNativeTarget "Sapphire" */;
			buildPhases = (
				909DEC01F7B263AA86B5F229 /* [CP] Check Pods Manifest.lock */,
				57FE6C141F59F2490014C623 /* SwiftLint */,
				5790D3CE1F55A9C90032B5A6 /* Sources */,
				5790D3CF1F55A9C90032B5A6 /* Frameworks */,
				5790D3D01F55A9C90032B5A6 /* Resources */,
				91BA4360CCB554508EB6FC4F /* [CP] Embed Pods Frameworks */,
				4D6E4687E3EC84320DD06183 /* [CP] Copy Pods Resources */,
			);
			buildRules = (
			);
			dependencies = (
			);
			name = Sapphire;
			productName = Sapphire;
			productReference = 5790D3D21F55A9CA0032B5A6 /* Sapphire.app */;
			productType = "com.apple.product-type.application";
		};
/* End PBXNativeTarget section */

/* Begin PBXProject section */
		5790D3CA1F55A9C90032B5A6 /* Project object */ = {
			isa = PBXProject;
			attributes = {
				LastSwiftUpdateCheck = 0900;
				LastUpgradeCheck = 0900;
				ORGANIZATIONNAME = slightair;
				TargetAttributes = {
					5790D3D11F55A9C90032B5A6 = {
						CreatedOnToolsVersion = 9.0;
						LastSwiftMigration = 0900;
						ProvisioningStyle = Manual;
					};
				};
			};
			buildConfigurationList = 5790D3CD1F55A9C90032B5A6 /* Build configuration list for PBXProject "Sapphire" */;
			compatibilityVersion = "Xcode 8.0";
			developmentRegion = en;
			hasScannedForEncodings = 0;
			knownRegions = (
				en,
				Base,
			);
			mainGroup = 5790D3C91F55A9C90032B5A6;
			productRefGroup = 5790D3D31F55A9CA0032B5A6 /* Products */;
			projectDirPath = "";
			projectRoot = "";
			targets = (
				5790D3D11F55A9C90032B5A6 /* Sapphire */,
			);
		};
/* End PBXProject section */

/* Begin PBXResourcesBuildPhase section */
		5790D3D01F55A9C90032B5A6 /* Resources */ = {
			isa = PBXResourcesBuildPhase;
			buildActionMask = 2147483647;
			files = (
				5790D3E01F55A9CA0032B5A6 /* LaunchScreen.storyboard in Resources */,
				5790D3DD1F55A9CA0032B5A6 /* Assets.xcassets in Resources */,
				572664881F61861800692521 /* BalanceCell.xib in Resources */,
				5790D3DB1F55A9CA0032B5A6 /* Main.storyboard in Resources */,
				57E682C41F684CC900507F3D /* MarketSummaryCell.xib in Resources */,
			);
			runOnlyForDeploymentPostprocessing = 0;
		};
/* End PBXResourcesBuildPhase section */

/* Begin PBXShellScriptBuildPhase section */
		4D6E4687E3EC84320DD06183 /* [CP] Copy Pods Resources */ = {
			isa = PBXShellScriptBuildPhase;
			buildActionMask = 2147483647;
			files = (
			);
			inputPaths = (
			);
			name = "[CP] Copy Pods Resources";
			outputPaths = (
			);
			runOnlyForDeploymentPostprocessing = 0;
			shellPath = /bin/sh;
			shellScript = "\"${SRCROOT}/Pods/Target Support Files/Pods-Sapphire/Pods-Sapphire-resources.sh\"\n";
			showEnvVarsInLog = 0;
		};
		57FE6C141F59F2490014C623 /* SwiftLint */ = {
			isa = PBXShellScriptBuildPhase;
			buildActionMask = 2147483647;
			files = (
			);
			inputPaths = (
			);
			name = SwiftLint;
			outputPaths = (
			);
			runOnlyForDeploymentPostprocessing = 0;
			shellPath = /bin/sh;
			shellScript = "if which \"${PODS_ROOT}/SwiftLint/swiftlint\" >/dev/null; then\n\"${PODS_ROOT}/SwiftLint/swiftlint\"\nelse\necho \"warning: SwiftLint not installed, download from https://github.com/realm/SwiftLint\"\nfi";
		};
		909DEC01F7B263AA86B5F229 /* [CP] Check Pods Manifest.lock */ = {
			isa = PBXShellScriptBuildPhase;
			buildActionMask = 2147483647;
			files = (
			);
			inputPaths = (
				"${PODS_PODFILE_DIR_PATH}/Podfile.lock",
				"${PODS_ROOT}/Manifest.lock",
			);
			name = "[CP] Check Pods Manifest.lock";
			outputPaths = (
				"$(DERIVED_FILE_DIR)/Pods-Sapphire-checkManifestLockResult.txt",
			);
			runOnlyForDeploymentPostprocessing = 0;
			shellPath = /bin/sh;
			shellScript = "diff \"${PODS_PODFILE_DIR_PATH}/Podfile.lock\" \"${PODS_ROOT}/Manifest.lock\" > /dev/null\nif [ $? != 0 ] ; then\n    # print error to STDERR\n    echo \"error: The sandbox is not in sync with the Podfile.lock. Run 'pod install' or update your CocoaPods installation.\" >&2\n    exit 1\nfi\n# This output is used by Xcode 'outputs' to avoid re-running this script phase.\necho \"SUCCESS\" > \"${SCRIPT_OUTPUT_FILE_0}\"\n";
			showEnvVarsInLog = 0;
		};
		91BA4360CCB554508EB6FC4F /* [CP] Embed Pods Frameworks */ = {
			isa = PBXShellScriptBuildPhase;
			buildActionMask = 2147483647;
			files = (
			);
			inputPaths = (
				"${SRCROOT}/Pods/Target Support Files/Pods-Sapphire/Pods-Sapphire-frameworks.sh",
				"${BUILT_PRODUCTS_DIR}/APIKit/APIKit.framework",
				"${BUILT_PRODUCTS_DIR}/ChameleonFramework/ChameleonFramework.framework",
				"${BUILT_PRODUCTS_DIR}/Charts/Charts.framework",
				"${BUILT_PRODUCTS_DIR}/Differentiator/Differentiator.framework",
				"${BUILT_PRODUCTS_DIR}/FontAwesome.swift/FontAwesome_swift.framework",
				"${BUILT_PRODUCTS_DIR}/Result/Result.framework",
				"${BUILT_PRODUCTS_DIR}/RxCocoa/RxCocoa.framework",
				"${BUILT_PRODUCTS_DIR}/RxDataSources/RxDataSources.framework",
				"${BUILT_PRODUCTS_DIR}/RxSwift/RxSwift.framework",
				"${BUILT_PRODUCTS_DIR}/Whisper/Whisper.framework",
			);
			name = "[CP] Embed Pods Frameworks";
			outputPaths = (
				"${TARGET_BUILD_DIR}/${FRAMEWORKS_FOLDER_PATH}/APIKit.framework",
				"${TARGET_BUILD_DIR}/${FRAMEWORKS_FOLDER_PATH}/ChameleonFramework.framework",
				"${TARGET_BUILD_DIR}/${FRAMEWORKS_FOLDER_PATH}/Charts.framework",
				"${TARGET_BUILD_DIR}/${FRAMEWORKS_FOLDER_PATH}/Differentiator.framework",
				"${TARGET_BUILD_DIR}/${FRAMEWORKS_FOLDER_PATH}/FontAwesome_swift.framework",
				"${TARGET_BUILD_DIR}/${FRAMEWORKS_FOLDER_PATH}/Result.framework",
				"${TARGET_BUILD_DIR}/${FRAMEWORKS_FOLDER_PATH}/RxCocoa.framework",
				"${TARGET_BUILD_DIR}/${FRAMEWORKS_FOLDER_PATH}/RxDataSources.framework",
				"${TARGET_BUILD_DIR}/${FRAMEWORKS_FOLDER_PATH}/RxSwift.framework",
				"${TARGET_BUILD_DIR}/${FRAMEWORKS_FOLDER_PATH}/Whisper.framework",
			);
			runOnlyForDeploymentPostprocessing = 0;
			shellPath = /bin/sh;
			shellScript = "\"${SRCROOT}/Pods/Target Support Files/Pods-Sapphire/Pods-Sapphire-frameworks.sh\"\n";
			showEnvVarsInLog = 0;
		};
/* End PBXShellScriptBuildPhase section */

/* Begin PBXSourcesBuildPhase section */
		5790D3CE1F55A9C90032B5A6 /* Sources */ = {
			isa = PBXSourcesBuildPhase;
			buildActionMask = 2147483647;
			files = (
				57487D031F66791700C8AACE /* Bitcoin.swift in Sources */,
				57B0DD531F666D4600652681 /* MarketSummary.swift in Sources */,
				57487D051F66796C00C8AACE /* DateFormatter+Extensions.swift in Sources */,
				5726648F1F618AFD00692521 /* BalanceData.swift in Sources */,
				5726648D1F6188C900692521 /* BittrexRepository.swift in Sources */,
				5741E1071F66848A00DC8C52 /* CurrenciesRequest.swift in Sources */,
				573A1C861F5EED72007523EB /* Session+Debug.swift in Sources */,
				5741E1051F6681C600DC8C52 /* Currency.swift in Sources */,
				5798FC721F619431005555BE /* UITableView+Extensions.swift in Sources */,
				5790D3D81F55A9CA0032B5A6 /* StartupViewController.swift in Sources */,
				572664871F61861800692521 /* BalanceCell.swift in Sources */,
				573A1C851F5D97AB007523EB /* DecodableDataParser.swift in Sources */,
				5790D3D61F55A9CA0032B5A6 /* AppDelegate.swift in Sources */,
				573A1C871F5EED76007523EB /* Session+Rx.swift in Sources */,
				5726648B1F61889E00692521 /* BalancesUseCase.swift in Sources */,
				57FE6C241F5D8A3A0014C623 /* CurrentBalancesRequest.swift in Sources */,
				57B0DD511F666CC300652681 /* CurrentMarketSummariesRequest.swift in Sources */,
				57FE6C211F5D84800014C623 /* WebAPI.swift in Sources */,
				57E682BC1F6839E400507F3D /* MarketSummaryData.swift in Sources */,
				57FE6C1D1F5D838E0014C623 /* BittrexDataStore.swift in Sources */,
				57FE6C1F1F5D84070014C623 /* BittrexAPIRequest.swift in Sources */,
				7D3C376CDAFCB0B640BE55D8 /* BalancesContract.swift in Sources */,
				5741E1021F667EC400DC8C52 /* NumberFormatter+Extensions.swift in Sources */,
				12E547A085B258433E0ACBF6 /* BalancesInteractor.swift in Sources */,
				57FE6C2A1F5D8D470014C623 /* SecureConfiguration.swift in Sources */,
				57FE6C131F59F0E30014C623 /* MainTabBarControllerControllerBuilder.swift in Sources */,
				57FE6C161F59F33C0014C623 /* Appearance.swift in Sources */,
				B57DD8390D77644AA85D791B /* BalancesPresenter.swift in Sources */,
				F3EA0E33A12A7D2851558ECF /* BalancesViewBuilder.swift in Sources */,
				8BE04E211CEDA0C932F8186F /* BalancesViewController.swift in Sources */,
				573A1C831F5D93D7007523EB /* Balance.swift in Sources */,
				A0FCD90B542A0361AB457DC5 /* BalancesWireframe.swift in Sources */,
				FD8D7652EFE90476DE364A46 /* AssetsContract.swift in Sources */,
				F76015AAA12F3C740AC3295A /* AssetsInteractor.swift in Sources */,
				554B6FE60A86B01DB859A8E9 /* AssetsPresenter.swift in Sources */,
				65CAF5203893EDEA7C519D7D /* AssetsViewBuilder.swift in Sources */,
				D6A09D7ABBCFA2AEF10CDE3D /* AssetsViewController.swift in Sources */,
				D212B2C1C89B50657DC16D25 /* AssetsWireframe.swift in Sources */,
				57E682C31F684CC900507F3D /* MarketSummaryCell.swift in Sources */,
				F7C0EF1743C500FFB63EFE65 /* MarketSummariesContract.swift in Sources */,
				D852504EEE87EC5C0EA7CAB6 /* MarketSummariesInteractor.swift in Sources */,
				57E682BE1F683D9800507F3D /* MarketSummariesUseCase.swift in Sources */,
				1BE60EBA0DCFED17F1B9B58A /* MarketSummariesPresenter.swift in Sources */,
				4CAD84EBD54B125414762085 /* MarketSummariesViewBuilder.swift in Sources */,
				60263F8D5D0C4914F816EAA1 /* MarketSummariesViewController.swift in Sources */,
				E5D93B824E7FB393E4A79DE0 /* MarketSummariesWireframe.swift in Sources */,
			);
			runOnlyForDeploymentPostprocessing = 0;
		};
/* End PBXSourcesBuildPhase section */

/* Begin PBXVariantGroup section */
		5790D3D91F55A9CA0032B5A6 /* Main.storyboard */ = {
			isa = PBXVariantGroup;
			children = (
				5790D3DA1F55A9CA0032B5A6 /* Base */,
			);
			name = Main.storyboard;
			sourceTree = "<group>";
		};
		5790D3DE1F55A9CA0032B5A6 /* LaunchScreen.storyboard */ = {
			isa = PBXVariantGroup;
			children = (
				5790D3DF1F55A9CA0032B5A6 /* Base */,
			);
			name = LaunchScreen.storyboard;
			sourceTree = "<group>";
		};
/* End PBXVariantGroup section */

/* Begin XCBuildConfiguration section */
		5790D3E21F55A9CA0032B5A6 /* Debug */ = {
			isa = XCBuildConfiguration;
			buildSettings = {
				ALWAYS_SEARCH_USER_PATHS = NO;
				CLANG_ANALYZER_NONNULL = YES;
				CLANG_ANALYZER_NUMBER_OBJECT_CONVERSION = YES_AGGRESSIVE;
				CLANG_CXX_LANGUAGE_STANDARD = "gnu++14";
				CLANG_CXX_LIBRARY = "libc++";
				CLANG_ENABLE_MODULES = YES;
				CLANG_ENABLE_OBJC_ARC = YES;
				CLANG_WARN_BLOCK_CAPTURE_AUTORELEASING = YES;
				CLANG_WARN_BOOL_CONVERSION = YES;
				CLANG_WARN_COMMA = YES;
				CLANG_WARN_CONSTANT_CONVERSION = YES;
				CLANG_WARN_DIRECT_OBJC_ISA_USAGE = YES_ERROR;
				CLANG_WARN_DOCUMENTATION_COMMENTS = YES;
				CLANG_WARN_EMPTY_BODY = YES;
				CLANG_WARN_ENUM_CONVERSION = YES;
				CLANG_WARN_INFINITE_RECURSION = YES;
				CLANG_WARN_INT_CONVERSION = YES;
				CLANG_WARN_NON_LITERAL_NULL_CONVERSION = YES;
				CLANG_WARN_OBJC_LITERAL_CONVERSION = YES;
				CLANG_WARN_OBJC_ROOT_CLASS = YES_ERROR;
				CLANG_WARN_RANGE_LOOP_ANALYSIS = YES;
				CLANG_WARN_STRICT_PROTOTYPES = YES;
				CLANG_WARN_SUSPICIOUS_MOVE = YES;
				CLANG_WARN_UNGUARDED_AVAILABILITY = YES_AGGRESSIVE;
				CLANG_WARN_UNREACHABLE_CODE = YES;
				CLANG_WARN__DUPLICATE_METHOD_MATCH = YES;
				CODE_SIGN_IDENTITY = "iPhone Developer";
				COPY_PHASE_STRIP = NO;
				DEBUG_INFORMATION_FORMAT = dwarf;
				ENABLE_STRICT_OBJC_MSGSEND = YES;
				ENABLE_TESTABILITY = YES;
				GCC_C_LANGUAGE_STANDARD = gnu11;
				GCC_DYNAMIC_NO_PIC = NO;
				GCC_NO_COMMON_BLOCKS = YES;
				GCC_OPTIMIZATION_LEVEL = 0;
				GCC_PREPROCESSOR_DEFINITIONS = (
					"DEBUG=1",
					"$(inherited)",
				);
				GCC_WARN_64_TO_32_BIT_CONVERSION = YES;
				GCC_WARN_ABOUT_RETURN_TYPE = YES_ERROR;
				GCC_WARN_UNDECLARED_SELECTOR = YES;
				GCC_WARN_UNINITIALIZED_AUTOS = YES_AGGRESSIVE;
				GCC_WARN_UNUSED_FUNCTION = YES;
				GCC_WARN_UNUSED_VARIABLE = YES;
				IPHONEOS_DEPLOYMENT_TARGET = 11.0;
				MTL_ENABLE_DEBUG_INFO = YES;
				ONLY_ACTIVE_ARCH = YES;
				SDKROOT = iphoneos;
				SWIFT_ACTIVE_COMPILATION_CONDITIONS = DEBUG;
				SWIFT_OPTIMIZATION_LEVEL = "-Onone";
			};
			name = Debug;
		};
		5790D3E31F55A9CA0032B5A6 /* Release */ = {
			isa = XCBuildConfiguration;
			buildSettings = {
				ALWAYS_SEARCH_USER_PATHS = NO;
				CLANG_ANALYZER_NONNULL = YES;
				CLANG_ANALYZER_NUMBER_OBJECT_CONVERSION = YES_AGGRESSIVE;
				CLANG_CXX_LANGUAGE_STANDARD = "gnu++14";
				CLANG_CXX_LIBRARY = "libc++";
				CLANG_ENABLE_MODULES = YES;
				CLANG_ENABLE_OBJC_ARC = YES;
				CLANG_WARN_BLOCK_CAPTURE_AUTORELEASING = YES;
				CLANG_WARN_BOOL_CONVERSION = YES;
				CLANG_WARN_COMMA = YES;
				CLANG_WARN_CONSTANT_CONVERSION = YES;
				CLANG_WARN_DIRECT_OBJC_ISA_USAGE = YES_ERROR;
				CLANG_WARN_DOCUMENTATION_COMMENTS = YES;
				CLANG_WARN_EMPTY_BODY = YES;
				CLANG_WARN_ENUM_CONVERSION = YES;
				CLANG_WARN_INFINITE_RECURSION = YES;
				CLANG_WARN_INT_CONVERSION = YES;
				CLANG_WARN_NON_LITERAL_NULL_CONVERSION = YES;
				CLANG_WARN_OBJC_LITERAL_CONVERSION = YES;
				CLANG_WARN_OBJC_ROOT_CLASS = YES_ERROR;
				CLANG_WARN_RANGE_LOOP_ANALYSIS = YES;
				CLANG_WARN_STRICT_PROTOTYPES = YES;
				CLANG_WARN_SUSPICIOUS_MOVE = YES;
				CLANG_WARN_UNGUARDED_AVAILABILITY = YES_AGGRESSIVE;
				CLANG_WARN_UNREACHABLE_CODE = YES;
				CLANG_WARN__DUPLICATE_METHOD_MATCH = YES;
				CODE_SIGN_IDENTITY = "iPhone Developer";
				COPY_PHASE_STRIP = NO;
				DEBUG_INFORMATION_FORMAT = "dwarf-with-dsym";
				ENABLE_NS_ASSERTIONS = NO;
				ENABLE_STRICT_OBJC_MSGSEND = YES;
				GCC_C_LANGUAGE_STANDARD = gnu11;
				GCC_NO_COMMON_BLOCKS = YES;
				GCC_WARN_64_TO_32_BIT_CONVERSION = YES;
				GCC_WARN_ABOUT_RETURN_TYPE = YES_ERROR;
				GCC_WARN_UNDECLARED_SELECTOR = YES;
				GCC_WARN_UNINITIALIZED_AUTOS = YES_AGGRESSIVE;
				GCC_WARN_UNUSED_FUNCTION = YES;
				GCC_WARN_UNUSED_VARIABLE = YES;
				IPHONEOS_DEPLOYMENT_TARGET = 11.0;
				MTL_ENABLE_DEBUG_INFO = NO;
				SDKROOT = iphoneos;
				SWIFT_OPTIMIZATION_LEVEL = "-Owholemodule";
				VALIDATE_PRODUCT = YES;
			};
			name = Release;
		};
		5790D3E51F55A9CA0032B5A6 /* Debug */ = {
			isa = XCBuildConfiguration;
			baseConfigurationReference = 3E62B4AC3B00C089F7CBF662 /* Pods-Sapphire.debug.xcconfig */;
			buildSettings = {
				ASSETCATALOG_COMPILER_APPICON_NAME = AppIcon;
				CLANG_ENABLE_MODULES = YES;
				CODE_SIGN_STYLE = Manual;
				DEVELOPMENT_TEAM = "";
				INFOPLIST_FILE = Sapphire/Info.plist;
				LD_RUNPATH_SEARCH_PATHS = "$(inherited) @executable_path/Frameworks";
				PRODUCT_BUNDLE_IDENTIFIER = cc.clv.ios.Sapphire;
				PRODUCT_NAME = "$(TARGET_NAME)";
				PROVISIONING_PROFILE_SPECIFIER = "";
				SWIFT_OBJC_BRIDGING_HEADER = "Sapphire/Sapphire-Bridging-Header.h";
				SWIFT_OPTIMIZATION_LEVEL = "-Onone";
				SWIFT_VERSION = 4.0;
				TARGETED_DEVICE_FAMILY = "1,2";
			};
			name = Debug;
		};
		5790D3E61F55A9CA0032B5A6 /* Release */ = {
			isa = XCBuildConfiguration;
			baseConfigurationReference = E415C85B3CE43BBCCAA27A9D /* Pods-Sapphire.release.xcconfig */;
			buildSettings = {
				ASSETCATALOG_COMPILER_APPICON_NAME = AppIcon;
				CLANG_ENABLE_MODULES = YES;
				CODE_SIGN_IDENTITY = "iPhone Distribution";
				CODE_SIGN_STYLE = Manual;
				DEVELOPMENT_TEAM = "";
				INFOPLIST_FILE = Sapphire/Info.plist;
				LD_RUNPATH_SEARCH_PATHS = "$(inherited) @executable_path/Frameworks";
				PRODUCT_BUNDLE_IDENTIFIER = cc.clv.ios.Sapphire;
				PRODUCT_NAME = "$(TARGET_NAME)";
				PROVISIONING_PROFILE_SPECIFIER = "";
				SWIFT_OBJC_BRIDGING_HEADER = "Sapphire/Sapphire-Bridging-Header.h";
				SWIFT_VERSION = 4.0;
				TARGETED_DEVICE_FAMILY = "1,2";
			};
			name = Release;
		};
/* End XCBuildConfiguration section */

/* Begin XCConfigurationList section */
		5790D3CD1F55A9C90032B5A6 /* Build configuration list for PBXProject "Sapphire" */ = {
			isa = XCConfigurationList;
			buildConfigurations = (
				5790D3E21F55A9CA0032B5A6 /* Debug */,
				5790D3E31F55A9CA0032B5A6 /* Release */,
			);
			defaultConfigurationIsVisible = 0;
			defaultConfigurationName = Release;
		};
		5790D3E41F55A9CA0032B5A6 /* Build configuration list for PBXNativeTarget "Sapphire" */ = {
			isa = XCConfigurationList;
			buildConfigurations = (
				5790D3E51F55A9CA0032B5A6 /* Debug */,
				5790D3E61F55A9CA0032B5A6 /* Release */,
			);
			defaultConfigurationIsVisible = 0;
			defaultConfigurationName = Release;
		};
/* End XCConfigurationList section */
	};
	rootObject = 5790D3CA1F55A9C90032B5A6 /* Project object */;
}
