PODS:
  - APIKit (3.1.1):
    - Result (~> 3.0)
  - ChameleonFramework/Default (2.1.0)
  - ChameleonFramework/Swift (2.1.0):
    - ChameleonFramework/Default
  - Charts (3.0.3):
    - Charts/Core (= 3.0.3)
  - Charts/Core (3.0.3)
  - Differentiator (3.0.0)
  - FontAwesome.swift (1.2.0)
  - Kingfisher (4.1.0)
  - MBProgressHUD (1.0.0)
  - Result (3.2.3)
  - RxCocoa (4.0.0):
    - RxSwift (~> 4.0)
  - RxDataSources (3.0.0):
    - Differentiator (~> 3.0)
    - RxCocoa (~> 4.0)
    - RxSwift (~> 4.0)
  - RxSwift (4.0.0)
  - SwiftLint (0.22.0)
  - Whisper (5.0.0)

DEPENDENCIES:
  - APIKit
  - ChameleonFramework/Swift
  - Charts
  - FontAwesome.swift
  - Kingfisher
  - MBProgressHUD
  - RxCocoa
  - RxDataSources
  - RxSwift
  - SwiftLint
  - Whisper

SPEC CHECKSUMS:
  APIKit: 7460983f490d3bde6aaaaa4164d18c9865a6f91d
  ChameleonFramework: d21a3cc247abfe5e37609a283a8238b03575cf64
  Charts: bcde37724c161958c1438dd4883971fcb2d50c06
  Differentiator: 772c2e4e2093584a0501a72019a7cd19e1a72cc8
  FontAwesome.swift: 60063e3f19ba4801155d4b0f2334ab7585763ab3
  Kingfisher: f14df8cbe576bf55f211fa589e9869bceb4ea87d
  MBProgressHUD: 4890f671c94e8a0f3cf959aa731e9de2f036d71a
  Result: 128640a6347e8d2ae48b142556739a2d13f90ce6
  RxCocoa: d62846ca96495d862fa4c59ea7d87e5031d7340e
  RxDataSources: 5a5ad827b6ad91730bb4b3ed87739f28a7be3d84
  RxSwift: fd680d75283beb5e2559486f3c0ff852f0d35334
  SwiftLint: 1134786caedd2caab0560d2f36b76414a5a56808
  Whisper: 051f25e704bf8992641ffd28b20d5682ddc5f5d3

PODFILE CHECKSUM: 90b67a86eed603682678fbdee73ecf63acff33b2

COCOAPODS: 1.3.1
